<?xml version="1.0" encoding="utf-8"?>
<Project ToolsVersion="4.0" xmlns="http://schemas.microsoft.com/developer/msbuild/2003">
  <ItemGroup>
    <Filter Include="Source Files">
      <UniqueIdentifier>{4FC737F1-C7A5-4376-A066-2A32D752A2FF}</UniqueIdentifier>
      <Extensions>cpp;c;cc;cxx;def;odl;idl;hpj;bat;asm;asmx</Extensions>
    </Filter>
    <Filter Include="Header Files">
      <UniqueIdentifier>{93995380-89BD-4b04-88EB-625FBE52EBFB}</UniqueIdentifier>
      <Extensions>h;hpp;hxx;hm;inl;inc;xsd</Extensions>
    </Filter>
    <Filter Include="Resource Files">
      <UniqueIdentifier>{67DA6AB6-F800-4c08-8B7A-83BB121AAD01}</UniqueIdentifier>
      <Extensions>rc;ico;cur;bmp;dlg;rc2;rct;bin;rgs;gif;jpg;jpeg;jpe;resx;tiff;tif;png;wav;mfcribbon-ms</Extensions>
    </Filter>
    <Filter Include="Source Files\itk">
      <UniqueIdentifier>{f5563fc4-f928-4686-acfa-de2297bb68db}</UniqueIdentifier>
    </Filter>
    <Filter Include="Source Files\ritk">
      <UniqueIdentifier>{6915823f-4065-427f-967d-9083b588a716}</UniqueIdentifier>
    </Filter>
    <Filter Include="Source Files\graphicsmagick">
      <UniqueIdentifier>{48e8c74b-e7c3-406e-a8f7-5e16f5922d4c}</UniqueIdentifier>
    </Filter>
    <Filter Include="Source Files\gegl">
      <UniqueIdentifier>{944b421f-c182-4555-aa58-72992e606625}</UniqueIdentifier>
    </Filter>
  </ItemGroup>
  <ItemGroup>
    <ClCompile Include="main.cpp">
      <Filter>Source Files</Filter>
    </ClCompile>
    <ClCompile Include="library_autolinking.cpp">
      <Filter>Source Files</Filter>
    </ClCompile>
    <ClCompile Include="itk\itk_main.cpp">
      <Filter>Source Files\itk</Filter>
    </ClCompile>
    <ClCompile Include="itk\itk_segmentation.cpp">
      <Filter>Source Files\itk</Filter>
    </ClCompile>
    <ClCompile Include="ritk\ritk_main.cpp">
      <Filter>Source Files\ritk</Filter>
    </ClCompile>
    <ClCompile Include="gegl\gegl_main.cpp">
      <Filter>Source Files\gegl</Filter>
    </ClCompile>
    <ClCompile Include="graphicsmagick\graphicsmagick_main.cpp">
      <Filter>Source Files\graphicsmagick</Filter>
    </ClCompile>
  </ItemGroup>
</Project>