<?xml version="1.0" encoding="utf-8"?>
<Project ToolsVersion="4.0" xmlns="http://schemas.microsoft.com/developer/msbuild/2003">
  <ItemGroup>
    <Filter Include="Source Files">
      <UniqueIdentifier>{4FC737F1-C7A5-4376-A066-2A32D752A2FF}</UniqueIdentifier>
      <Extensions>cpp;c;cc;cxx;def;odl;idl;hpj;bat;asm;asmx</Extensions>
    </Filter>
    <Filter Include="Header Files">
      <UniqueIdentifier>{93995380-89BD-4b04-88EB-625FBE52EBFB}</UniqueIdentifier>
      <Extensions>h;hpp;hxx;hm;inl;inc;xsd</Extensions>
    </Filter>
    <Filter Include="Resource Files">
      <UniqueIdentifier>{67DA6AB6-F800-4c08-8B7A-83BB121AAD01}</UniqueIdentifier>
      <Extensions>rc;ico;cur;bmp;dlg;rc2;rct;bin;rgs;gif;jpg;jpeg;jpe;resx;tiff;tif;png;wav;mfcribbon-ms</Extensions>
    </Filter>
    <Filter Include="Source Files\assimp">
      <UniqueIdentifier>{8ef0fb5f-481e-4e06-b01d-a33a944e3e81}</UniqueIdentifier>
    </Filter>
    <Filter Include="Source Files\hdf">
      <UniqueIdentifier>{4279a05d-5041-414f-92d3-0d6568471e51}</UniqueIdentifier>
    </Filter>
    <Filter Include="Source Files\csv_parser">
      <UniqueIdentifier>{64d59aae-bbcd-41b0-aeb8-d1ef45bdb5a3}</UniqueIdentifier>
    </Filter>
    <Filter Include="Source Files\csv_parser_lib">
      <UniqueIdentifier>{0aa4287f-9061-461d-95e5-b33da7e814c8}</UniqueIdentifier>
    </Filter>
    <Filter Include="Source Files\csv_parser_lib\NewFilter1">
      <UniqueIdentifier>{f0a81ca6-6ee4-4d64-9905-ae03ef36b8ee}</UniqueIdentifier>
    </Filter>
    <Filter Include="Source Files\csv_parser_lib\csv_parser">
      <UniqueIdentifier>{a9f15e9f-e925-4eec-919c-ef72303c6b5a}</UniqueIdentifier>
    </Filter>
    <Filter Include="Source Files\arff">
      <UniqueIdentifier>{08e322ae-1700-40a8-aada-0cf7af9eeb0e}</UniqueIdentifier>
    </Filter>
    <Filter Include="Source Files\arff_lib">
      <UniqueIdentifier>{2b92ddba-fe9e-43df-96ca-3c54b1e1f513}</UniqueIdentifier>
    </Filter>
  </ItemGroup>
  <ItemGroup>
    <ClInclude Include="csv_parser_lib\csv_parser\csv_parser.hpp">
      <Filter>Source Files\csv_parser_lib\csv_parser</Filter>
    </ClInclude>
    <ClInclude Include="arff_lib\arff_attr.h">
      <Filter>Source Files\arff_lib</Filter>
    </ClInclude>
    <ClInclude Include="arff_lib\arff_data.h">
      <Filter>Source Files\arff_lib</Filter>
    </ClInclude>
    <ClInclude Include="arff_lib\arff_instance.h">
      <Filter>Source Files\arff_lib</Filter>
    </ClInclude>
    <ClInclude Include="arff_lib\arff_lexer.h">
      <Filter>Source Files\arff_lib</Filter>
    </ClInclude>
    <ClInclude Include="arff_lib\arff_parser.h">
      <Filter>Source Files\arff_lib</Filter>
    </ClInclude>
    <ClInclude Include="arff_lib\arff_scanner.h">
      <Filter>Source Files\arff_lib</Filter>
    </ClInclude>
    <ClInclude Include="arff_lib\arff_token.h">
      <Filter>Source Files\arff_lib</Filter>
    </ClInclude>
    <ClInclude Include="arff_lib\arff_utils.h">
      <Filter>Source Files\arff_lib</Filter>
    </ClInclude>
    <ClInclude Include="arff_lib\arff_value.h">
      <Filter>Source Files\arff_lib</Filter>
    </ClInclude>
  </ItemGroup>
  <ItemGroup>
    <ClCompile Include="main.cpp">
      <Filter>Source Files</Filter>
    </ClCompile>
    <ClCompile Include="library_autolinking.cpp">
      <Filter>Source Files</Filter>
    </ClCompile>
    <ClCompile Include="assimp\assimp_main.cpp">
      <Filter>Source Files\assimp</Filter>
    </ClCompile>
    <ClCompile Include="hdf\hdf_main.cpp">
      <Filter>Source Files\hdf</Filter>
    </ClCompile>
    <ClCompile Include="csv_parser\csv_parser_main.cpp">
      <Filter>Source Files\csv_parser</Filter>
    </ClCompile>
    <ClCompile Include="csv_parser_lib\csv_parser.cpp">
      <Filter>Source Files\csv_parser_lib</Filter>
    </ClCompile>
    <ClCompile Include="string_tokenization.cpp">
      <Filter>Source Files</Filter>
    </ClCompile>
    <ClCompile Include="arff_lib\arff_attr.cpp">
      <Filter>Source Files\arff_lib</Filter>
    </ClCompile>
    <ClCompile Include="arff_lib\arff_data.cpp">
      <Filter>Source Files\arff_lib</Filter>
    </ClCompile>
    <ClCompile Include="arff_lib\arff_instance.cpp">
      <Filter>Source Files\arff_lib</Filter>
    </ClCompile>
    <ClCompile Include="arff_lib\arff_lexer.cpp">
      <Filter>Source Files\arff_lib</Filter>
    </ClCompile>
    <ClCompile Include="arff_lib\arff_parser.cpp">
      <Filter>Source Files\arff_lib</Filter>
    </ClCompile>
    <ClCompile Include="arff_lib\arff_scanner.cpp">
      <Filter>Source Files\arff_lib</Filter>
    </ClCompile>
    <ClCompile Include="arff_lib\arff_token.cpp">
      <Filter>Source Files\arff_lib</Filter>
    </ClCompile>
    <ClCompile Include="arff_lib\arff_utils.cpp">
      <Filter>Source Files\arff_lib</Filter>
    </ClCompile>
    <ClCompile Include="arff_lib\arff_value.cpp">
      <Filter>Source Files\arff_lib</Filter>
    </ClCompile>
    <ClCompile Include="arff\arff_main.cpp">
      <Filter>Source Files\arff</Filter>
    </ClCompile>
  </ItemGroup>
</Project>