<?xml version="1.0" encoding="UTF-8" standalone="yes" ?>
<CodeBlocks_project_file>
	<FileVersion major="1" minor="6" />
	<Project>
		<Option title="graph" />
		<Option pch_mode="2" />
		<Option compiler="gcc" />
		<Build>
			<Target title="Debug">
				<Option output="../../bin/graph_d" prefix_auto="1" extension_auto="1" />
				<Option working_dir="../../bin/" />
				<Option object_output="obj/Debug/" />
				<Option type="1" />
				<Option compiler="gcc" />
				<Compiler>
					<Add option="-g" />
				</Compiler>
			</Target>
			<Target title="Release">
				<Option output="../../bin/graph" prefix_auto="1" extension_auto="1" />
				<Option working_dir="../../bin/" />
				<Option object_output="obj/Release/" />
				<Option type="1" />
				<Option compiler="gcc" />
				<Compiler>
					<Add option="-O2" />
				</Compiler>
				<Linker>
					<Add option="-s" />
				</Linker>
			</Target>
		</Build>
		<Compiler>
			<Add option="-Wall" />
			<Add option="-fexceptions" />
			<Add option="-fpermissive" />
		</Compiler>
		<Unit filename="graphchi/graphchi_main.cpp" />
		<Unit filename="graphlab/graphlab_main.cpp" />
		<Unit filename="ibfs/ibfs_main.cpp" />
		<Unit filename="ibfs_lib/ibfs.cpp" />
		<Unit filename="ibfs_lib/ibfs.h" />
		<Unit filename="main.cpp" />
		<Unit filename="maxflow/maxflow_main.cpp" />
		<Unit filename="maxflow_lib/block.h" />
		<Unit filename="maxflow_lib/graph.cpp" />
		<Unit filename="maxflow_lib/graph.h" />
		<Unit filename="maxflow_lib/instances.inc" />
		<Unit filename="maxflow_lib/maxflow.cpp" />
		<Extensions>
			<code_completion />
			<debugger />
		</Extensions>
	</Project>
</CodeBlocks_project_file>
