<?xml version="1.0" encoding="utf-8"?>
<Project ToolsVersion="4.0" xmlns="http://schemas.microsoft.com/developer/msbuild/2003">
  <ItemGroup>
    <Filter Include="Source Files">
      <UniqueIdentifier>{4FC737F1-C7A5-4376-A066-2A32D752A2FF}</UniqueIdentifier>
      <Extensions>cpp;c;cc;cxx;def;odl;idl;hpj;bat;asm;asmx</Extensions>
    </Filter>
    <Filter Include="Header Files">
      <UniqueIdentifier>{93995380-89BD-4b04-88EB-625FBE52EBFB}</UniqueIdentifier>
      <Extensions>h;hpp;hxx;hm;inl;inc;xsd</Extensions>
    </Filter>
    <Filter Include="Resource Files">
      <UniqueIdentifier>{67DA6AB6-F800-4c08-8B7A-83BB121AAD01}</UniqueIdentifier>
      <Extensions>rc;ico;cur;bmp;dlg;rc2;rct;bin;rgs;gif;jpg;jpeg;jpe;resx;tiff;tif;png;wav</Extensions>
    </Filter>
    <Filter Include="Source Files\gsl">
      <UniqueIdentifier>{87627142-aa9d-426e-9e49-62d0eb21a233}</UniqueIdentifier>
    </Filter>
    <Filter Include="Source Files\gslwrap">
      <UniqueIdentifier>{a0c371d9-25f9-4d3a-9e25-c6613d0bcd54}</UniqueIdentifier>
    </Filter>
  </ItemGroup>
  <ItemGroup>
    <ClCompile Include="main.cpp">
      <Filter>Source Files</Filter>
    </ClCompile>
    <ClCompile Include="stdafx.cpp">
      <Filter>Source Files</Filter>
    </ClCompile>
    <ClCompile Include="gsl\gsl_cholesky.cpp">
      <Filter>Source Files\gsl</Filter>
    </ClCompile>
    <ClCompile Include="gsl\gsl_conjugate_gradient.cpp">
      <Filter>Source Files\gsl</Filter>
    </ClCompile>
    <ClCompile Include="gsl\gsl_distribution.cpp">
      <Filter>Source Files\gsl</Filter>
    </ClCompile>
    <ClCompile Include="gsl\gsl_eigensystem.cpp">
      <Filter>Source Files\gsl</Filter>
    </ClCompile>
    <ClCompile Include="gsl\gsl_fft.cpp">
      <Filter>Source Files\gsl</Filter>
    </ClCompile>
    <ClCompile Include="gsl\gsl_levenberg_marquardt.cpp">
      <Filter>Source Files\gsl</Filter>
    </ClCompile>
    <ClCompile Include="gsl\gsl_lu.cpp">
      <Filter>Source Files\gsl</Filter>
    </ClCompile>
    <ClCompile Include="gsl\gsl_main.cpp">
      <Filter>Source Files\gsl</Filter>
    </ClCompile>
    <ClCompile Include="gsl\gsl_matrix_operation.cpp">
      <Filter>Source Files\gsl</Filter>
    </ClCompile>
    <ClCompile Include="gsl\gsl_monte_carlo_integration.cpp">
      <Filter>Source Files\gsl</Filter>
    </ClCompile>
    <ClCompile Include="gsl\gsl_multidim_minimization.cpp">
      <Filter>Source Files\gsl</Filter>
    </ClCompile>
    <ClCompile Include="gsl\gsl_pca.cpp">
      <Filter>Source Files\gsl</Filter>
    </ClCompile>
    <ClCompile Include="gsl\gsl_polynomial_root_finding.cpp">
      <Filter>Source Files\gsl</Filter>
    </ClCompile>
    <ClCompile Include="gsl\gsl_qr.cpp">
      <Filter>Source Files\gsl</Filter>
    </ClCompile>
    <ClCompile Include="gsl\gsl_random_sample.cpp">
      <Filter>Source Files\gsl</Filter>
    </ClCompile>
    <ClCompile Include="gsl\gsl_root_finding.cpp">
      <Filter>Source Files\gsl</Filter>
    </ClCompile>
    <ClCompile Include="gsl\gsl_simulated_annealing.cpp">
      <Filter>Source Files\gsl</Filter>
    </ClCompile>
    <ClCompile Include="gsl\gsl_svd.cpp">
      <Filter>Source Files\gsl</Filter>
    </ClCompile>
    <ClCompile Include="gsl\gsl_vector_operation.cpp">
      <Filter>Source Files\gsl</Filter>
    </ClCompile>
    <ClCompile Include="gslwrap\gslwrap_main.cpp">
      <Filter>Source Files\gslwrap</Filter>
    </ClCompile>
    <ClCompile Include="gslwrap\gslwrap_test.cpp">
      <Filter>Source Files\gslwrap</Filter>
    </ClCompile>
    <ClCompile Include="gslwrap\gslwrap_test_min.cpp">
      <Filter>Source Files\gslwrap</Filter>
    </ClCompile>
    <ClCompile Include="library_autolinking.cpp">
      <Filter>Source Files</Filter>
    </ClCompile>
  </ItemGroup>
  <ItemGroup>
    <ClInclude Include="stdafx.h">
      <Filter>Header Files</Filter>
    </ClInclude>
  </ItemGroup>
  <ItemGroup>
    <None Include="ReadMe.txt" />
  </ItemGroup>
</Project>