<?xml version="1.0" encoding="UTF-8" standalone="yes" ?>
<CodeBlocks_project_file>
	<FileVersion major="1" minor="6" />
	<Project>
		<Option title="bayesian_filtering" />
		<Option pch_mode="2" />
		<Option compiler="gcc" />
		<Build>
			<Target title="Debug">
				<Option output="../../bin/bayesian_filtering_d" prefix_auto="1" extension_auto="1" />
				<Option working_dir="../../bin/" />
				<Option object_output="obj/Debug/" />
				<Option type="1" />
				<Option compiler="gcc" />
				<Compiler>
					<Add option="-g" />
				</Compiler>
			</Target>
			<Target title="Release">
				<Option output="../../bin/bayesian_filtering" prefix_auto="1" extension_auto="1" />
				<Option working_dir="../../bin/" />
				<Option object_output="obj/Release/" />
				<Option type="1" />
				<Option compiler="gcc" />
				<Compiler>
					<Add option="-O2" />
				</Compiler>
				<Linker>
					<Add option="-s" />
				</Linker>
			</Target>
		</Build>
		<Compiler>
			<Add option="-std=c++0x" />
			<Add option="-Wall" />
			<Add option="-fexceptions" />
			<Add directory="./bayespp_lib" />
			<Add directory="/usr/local/include" />
		</Compiler>
		<Linker>
			<Add library="lapack" />
			<Add library="blas" />
			<Add directory="/usr/lib/atlas-base/atlas" />
			<Add directory="/usr/local/lib" />
		</Linker>
		<Unit filename="bayespp/bayespp_SLAM_example.cpp" />
		<Unit filename="bayespp/bayespp_main.cpp" />
		<Unit filename="bayespp/bayespp_position_and_velocity_SIR_filter_example.cpp" />
		<Unit filename="bayespp/bayespp_position_and_velocity_filter_example.cpp" />
		<Unit filename="bayespp/bayespp_simple_example.cpp" />
		<Unit filename="bayespp/bayespp_simple_quadratic_observer_example.cpp" />
		<Unit filename="bayespp_lib/BayesFilter/CIFlt.cpp" />
		<Unit filename="bayespp_lib/BayesFilter/CIFlt.hpp" />
		<Unit filename="bayespp_lib/BayesFilter/SIRFlt.cpp" />
		<Unit filename="bayespp_lib/BayesFilter/SIRFlt.hpp" />
		<Unit filename="bayespp_lib/BayesFilter/UDFlt.cpp" />
		<Unit filename="bayespp_lib/BayesFilter/UDFlt.hpp" />
		<Unit filename="bayespp_lib/BayesFilter/UdU.cpp" />
		<Unit filename="bayespp_lib/BayesFilter/allFilters.hpp" />
		<Unit filename="bayespp_lib/BayesFilter/bayesException.hpp" />
		<Unit filename="bayespp_lib/BayesFilter/bayesFlt.cpp" />
		<Unit filename="bayespp_lib/BayesFilter/bayesFlt.hpp" />
		<Unit filename="bayespp_lib/BayesFilter/bayesFltAlg.cpp" />
		<Unit filename="bayespp_lib/BayesFilter/covFlt.cpp" />
		<Unit filename="bayespp_lib/BayesFilter/covFlt.hpp" />
		<Unit filename="bayespp_lib/BayesFilter/filters/average1.hpp" />
		<Unit filename="bayespp_lib/BayesFilter/filters/indirect.hpp" />
		<Unit filename="bayespp_lib/BayesFilter/infFlt.cpp" />
		<Unit filename="bayespp_lib/BayesFilter/infFlt.hpp" />
		<Unit filename="bayespp_lib/BayesFilter/infRtFlt.cpp" />
		<Unit filename="bayespp_lib/BayesFilter/infRtFlt.hpp" />
		<Unit filename="bayespp_lib/BayesFilter/itrFlt.cpp" />
		<Unit filename="bayespp_lib/BayesFilter/itrFlt.hpp" />
		<Unit filename="bayespp_lib/BayesFilter/matSup.cpp" />
		<Unit filename="bayespp_lib/BayesFilter/matSup.hpp" />
		<Unit filename="bayespp_lib/BayesFilter/matSupSub.hpp" />
		<Unit filename="bayespp_lib/BayesFilter/models.hpp" />
		<Unit filename="bayespp_lib/BayesFilter/schemeFlt.hpp" />
		<Unit filename="bayespp_lib/BayesFilter/uBLASmatrix.hpp" />
		<Unit filename="bayespp_lib/BayesFilter/uLAPACK.hpp" />
		<Unit filename="bayespp_lib/BayesFilter/unsFlt.cpp" />
		<Unit filename="bayespp_lib/BayesFilter/unsFlt.hpp" />
		<Unit filename="bayespp_lib/SLAM/SLAM.hpp" />
		<Unit filename="bayespp_lib/SLAM/fastSLAM.cpp" />
		<Unit filename="bayespp_lib/SLAM/fastSLAM.hpp" />
		<Unit filename="bayespp_lib/SLAM/kalmanSLAM.cpp" />
		<Unit filename="bayespp_lib/SLAM/kalmanSLAM.hpp" />
		<Unit filename="bayespp_lib/Test/random.hpp" />
		<Unit filename="condensation/condensation_main.cpp" />
		<Unit filename="condensation_lib/condensation.cpp">
			<Option compile="0" />
			<Option link="0" />
		</Unit>
		<Unit filename="condensation_lib/condensation.h" />
		<Unit filename="condensation_lib/data_types.h" />
		<Unit filename="condensation_lib/model_parameters.h" />
		<Unit filename="condensation_lib/model_specific.cpp" />
		<Unit filename="condensation_lib/utility.cpp" />
		<Unit filename="main.cpp" />
		<Unit filename="particleplusplus/particleplusplus_main.cpp" />
		<Extensions>
			<code_completion />
			<debugger />
		</Extensions>
	</Project>
</CodeBlocks_project_file>
