<?xml version="1.0" encoding="utf-8"?>
<Project ToolsVersion="4.0" xmlns="http://schemas.microsoft.com/developer/msbuild/2003">
  <ItemGroup>
    <Filter Include="Source Files">
      <UniqueIdentifier>{4FC737F1-C7A5-4376-A066-2A32D752A2FF}</UniqueIdentifier>
      <Extensions>cpp;c;cc;cxx;def;odl;idl;hpj;bat;asm;asmx</Extensions>
    </Filter>
    <Filter Include="Header Files">
      <UniqueIdentifier>{93995380-89BD-4b04-88EB-625FBE52EBFB}</UniqueIdentifier>
      <Extensions>h;hpp;hxx;hm;inl;inc;xsd</Extensions>
    </Filter>
    <Filter Include="Resource Files">
      <UniqueIdentifier>{67DA6AB6-F800-4c08-8B7A-83BB121AAD01}</UniqueIdentifier>
      <Extensions>rc;ico;cur;bmp;dlg;rc2;rct;bin;rgs;gif;jpg;jpeg;jpe;resx;tiff;tif;png;wav;mfcribbon-ms</Extensions>
    </Filter>
    <Filter Include="Source Files\movmf">
      <UniqueIdentifier>{22d9908a-d9a6-4493-8d36-8cbe0c2a307a}</UniqueIdentifier>
    </Filter>
    <Filter Include="Source Files\movmf_lib">
      <UniqueIdentifier>{688478b8-6a2e-4a5c-b99c-6384c51ba4fe}</UniqueIdentifier>
    </Filter>
    <Filter Include="Source Files\ransac">
      <UniqueIdentifier>{b67f21a7-e401-4a30-8bf5-8b91e1dc0a5c}</UniqueIdentifier>
    </Filter>
    <Filter Include="Source Files\mcmcpp">
      <UniqueIdentifier>{ea633884-4646-43f4-81f4-40634e75763d}</UniqueIdentifier>
    </Filter>
    <Filter Include="Source Files\scythe">
      <UniqueIdentifier>{9647df84-863a-4bc4-8cbd-c81d6094d2bc}</UniqueIdentifier>
    </Filter>
    <Filter Include="Source Files\boom">
      <UniqueIdentifier>{8a35e584-3a06-428b-8feb-a95271ea042d}</UniqueIdentifier>
    </Filter>
    <Filter Include="Source Files\scythemcmc_lib">
      <UniqueIdentifier>{738494cd-a1cc-4276-9c3c-e564a9e59fb9}</UniqueIdentifier>
    </Filter>
    <Filter Include="Source Files\smctc">
      <UniqueIdentifier>{d58f08d8-3c28-4c63-bdab-6c60c6aeaa71}</UniqueIdentifier>
    </Filter>
    <Filter Include="Source Files\jlinkage">
      <UniqueIdentifier>{ac23e94d-d9f5-4f80-aef4-52a94d206cd6}</UniqueIdentifier>
    </Filter>
    <Filter Include="Source Files\jlinkage_lib">
      <UniqueIdentifier>{6738c1e0-2ea5-4c72-8fe5-6f8846050776}</UniqueIdentifier>
    </Filter>
    <Filter Include="Source Files\jlinkage_lib\bm">
      <UniqueIdentifier>{ce9488c1-c361-4c18-b1c5-4a91c11720eb}</UniqueIdentifier>
    </Filter>
    <Filter Include="Source Files\jlinkage_lib\kdtree++">
      <UniqueIdentifier>{ad69eb4e-3cec-412a-92cb-61b59877d76f}</UniqueIdentifier>
    </Filter>
    <Filter Include="Source Files\mcmcpp_lib">
      <UniqueIdentifier>{b1d68970-298d-4692-bcf5-68c7de0c2617}</UniqueIdentifier>
    </Filter>
    <Filter Include="Source Files\mcmcpp_lib\mcmc++">
      <UniqueIdentifier>{acfb30de-7902-49c4-8289-47ef56205b45}</UniqueIdentifier>
    </Filter>
    <Filter Include="Source Files\scythestat_lib">
      <UniqueIdentifier>{8ac7f2d4-f4a6-41b0-ab10-8ec935960ddd}</UniqueIdentifier>
    </Filter>
    <Filter Include="Source Files\scythestat_lib\scythestat">
      <UniqueIdentifier>{a8d1c2bf-8887-4712-9573-d994f5c49019}</UniqueIdentifier>
    </Filter>
    <Filter Include="Source Files\scythestat_lib\scythestat\rng">
      <UniqueIdentifier>{c58c4d8d-7517-45ab-9ce8-645b7fb51177}</UniqueIdentifier>
    </Filter>
  </ItemGroup>
  <ItemGroup>
    <None Include="ReadMe.txt" />
  </ItemGroup>
  <ItemGroup>
    <ClInclude Include="stdafx.h">
      <Filter>Header Files</Filter>
    </ClInclude>
    <ClInclude Include="targetver.h">
      <Filter>Header Files</Filter>
    </ClInclude>
    <ClInclude Include="movmf_lib\DenseMatrixDouble.h">
      <Filter>Source Files\movmf_lib</Filter>
    </ClInclude>
    <ClInclude Include="movmf_lib\mat_vec.h">
      <Filter>Source Files\movmf_lib</Filter>
    </ClInclude>
    <ClInclude Include="movmf_lib\matrix.h">
      <Filter>Source Files\movmf_lib</Filter>
    </ClInclude>
    <ClInclude Include="movmf_lib\movmf.h">
      <Filter>Source Files\movmf_lib</Filter>
    </ClInclude>
    <ClInclude Include="movmf_lib\movmf_base.h">
      <Filter>Source Files\movmf_lib</Filter>
    </ClInclude>
    <ClInclude Include="movmf_lib\newbessel.h">
      <Filter>Source Files\movmf_lib</Filter>
    </ClInclude>
    <ClInclude Include="movmf_lib\RandomGenerator.h">
      <Filter>Source Files\movmf_lib</Filter>
    </ClInclude>
    <ClInclude Include="movmf_lib\SparseMatrixDouble.h">
      <Filter>Source Files\movmf_lib</Filter>
    </ClInclude>
    <ClInclude Include="movmf_lib\timerUtil.h">
      <Filter>Source Files\movmf_lib</Filter>
    </ClInclude>
    <ClInclude Include="scythemcmc_lib\mcmc.h">
      <Filter>Source Files\scythemcmc_lib</Filter>
    </ClInclude>
    <ClInclude Include="smctc\markovchain.h">
      <Filter>Source Files\smctc</Filter>
    </ClInclude>
    <ClInclude Include="smctc\pffuncs.h">
      <Filter>Source Files\smctc</Filter>
    </ClInclude>
    <ClInclude Include="smctc\simfunctions.h">
      <Filter>Source Files\smctc</Filter>
    </ClInclude>
    <ClInclude Include="scythestat_lib\scythestat\rng\lecuyer.h">
      <Filter>Source Files\scythestat_lib\scythestat\rng</Filter>
    </ClInclude>
    <ClInclude Include="scythestat_lib\scythestat\rng\mersenne.h">
      <Filter>Source Files\scythestat_lib\scythestat\rng</Filter>
    </ClInclude>
    <ClInclude Include="scythestat_lib\scythestat\rng\rtmvnorm.h">
      <Filter>Source Files\scythestat_lib\scythestat\rng</Filter>
    </ClInclude>
    <ClInclude Include="scythestat_lib\scythestat\rng\wrapped_generator.h">
      <Filter>Source Files\scythestat_lib\scythestat\rng</Filter>
    </ClInclude>
    <ClInclude Include="scythestat_lib\scythestat\algorithm.h">
      <Filter>Source Files\scythestat_lib\scythestat</Filter>
    </ClInclude>
    <ClInclude Include="scythestat_lib\scythestat\datablock.h">
      <Filter>Source Files\scythestat_lib\scythestat</Filter>
    </ClInclude>
    <ClInclude Include="scythestat_lib\scythestat\defs.h">
      <Filter>Source Files\scythestat_lib\scythestat</Filter>
    </ClInclude>
    <ClInclude Include="scythestat_lib\scythestat\distributions.h">
      <Filter>Source Files\scythestat_lib\scythestat</Filter>
    </ClInclude>
    <ClInclude Include="scythestat_lib\scythestat\error.h">
      <Filter>Source Files\scythestat_lib\scythestat</Filter>
    </ClInclude>
    <ClInclude Include="scythestat_lib\scythestat\ide.h">
      <Filter>Source Files\scythestat_lib\scythestat</Filter>
    </ClInclude>
    <ClInclude Include="scythestat_lib\scythestat\la.h">
      <Filter>Source Files\scythestat_lib\scythestat</Filter>
    </ClInclude>
    <ClInclude Include="scythestat_lib\scythestat\lapack.h">
      <Filter>Source Files\scythestat_lib\scythestat</Filter>
    </ClInclude>
    <ClInclude Include="scythestat_lib\scythestat\matrix.h">
      <Filter>Source Files\scythestat_lib\scythestat</Filter>
    </ClInclude>
    <ClInclude Include="scythestat_lib\scythestat\matrix_bidirectional_iterator.h">
      <Filter>Source Files\scythestat_lib\scythestat</Filter>
    </ClInclude>
    <ClInclude Include="scythestat_lib\scythestat\matrix_forward_iterator.h">
      <Filter>Source Files\scythestat_lib\scythestat</Filter>
    </ClInclude>
    <ClInclude Include="scythestat_lib\scythestat\matrix_random_access_iterator.h">
      <Filter>Source Files\scythestat_lib\scythestat</Filter>
    </ClInclude>
    <ClInclude Include="scythestat_lib\scythestat\optimize.h">
      <Filter>Source Files\scythestat_lib\scythestat</Filter>
    </ClInclude>
    <ClInclude Include="scythestat_lib\scythestat\rng.h">
      <Filter>Source Files\scythestat_lib\scythestat</Filter>
    </ClInclude>
    <ClInclude Include="scythestat_lib\scythestat\smath.h">
      <Filter>Source Files\scythestat_lib\scythestat</Filter>
    </ClInclude>
    <ClInclude Include="scythestat_lib\scythestat\stat.h">
      <Filter>Source Files\scythestat_lib\scythestat</Filter>
    </ClInclude>
    <ClInclude Include="mcmcpp_lib\mcmc++\DataTable.h">
      <Filter>Source Files\mcmcpp_lib\mcmc++</Filter>
    </ClInclude>
    <ClInclude Include="mcmcpp_lib\mcmc++\Density.h">
      <Filter>Source Files\mcmcpp_lib\mcmc++</Filter>
    </ClInclude>
    <ClInclude Include="mcmcpp_lib\mcmc++\intervals.h">
      <Filter>Source Files\mcmcpp_lib\mcmc++</Filter>
    </ClInclude>
    <ClInclude Include="mcmcpp_lib\mcmc++\lot.h">
      <Filter>Source Files\mcmcpp_lib\mcmc++</Filter>
    </ClInclude>
    <ClInclude Include="mcmcpp_lib\mcmc++\MCMC.h">
      <Filter>Source Files\mcmcpp_lib\mcmc++</Filter>
    </ClInclude>
    <ClInclude Include="mcmcpp_lib\mcmc++\ratio.h">
      <Filter>Source Files\mcmcpp_lib\mcmc++</Filter>
    </ClInclude>
    <ClInclude Include="mcmcpp_lib\mcmc++\statistics.h">
      <Filter>Source Files\mcmcpp_lib\mcmc++</Filter>
    </ClInclude>
    <ClInclude Include="mcmcpp_lib\mcmc++\util.h">
      <Filter>Source Files\mcmcpp_lib\mcmc++</Filter>
    </ClInclude>
    <ClInclude Include="jlinkage_lib\kdtree++\accessor.hpp">
      <Filter>Source Files\jlinkage_lib\kdtree++</Filter>
    </ClInclude>
    <ClInclude Include="jlinkage_lib\kdtree++\allocator.hpp">
      <Filter>Source Files\jlinkage_lib\kdtree++</Filter>
    </ClInclude>
    <ClInclude Include="jlinkage_lib\kdtree++\iterator.hpp">
      <Filter>Source Files\jlinkage_lib\kdtree++</Filter>
    </ClInclude>
    <ClInclude Include="jlinkage_lib\kdtree++\kdtree.hpp">
      <Filter>Source Files\jlinkage_lib\kdtree++</Filter>
    </ClInclude>
    <ClInclude Include="jlinkage_lib\kdtree++\kdtree_copy.hpp">
      <Filter>Source Files\jlinkage_lib\kdtree++</Filter>
    </ClInclude>
    <ClInclude Include="jlinkage_lib\kdtree++\node.hpp">
      <Filter>Source Files\jlinkage_lib\kdtree++</Filter>
    </ClInclude>
    <ClInclude Include="jlinkage_lib\kdtree++\region.hpp">
      <Filter>Source Files\jlinkage_lib\kdtree++</Filter>
    </ClInclude>
    <ClInclude Include="jlinkage_lib\kdtree++\region_copy.hpp">
      <Filter>Source Files\jlinkage_lib\kdtree++</Filter>
    </ClInclude>
    <ClInclude Include="jlinkage_lib\bm\bm.h">
      <Filter>Source Files\jlinkage_lib\bm</Filter>
    </ClInclude>
    <ClInclude Include="jlinkage_lib\bm\bmalgo.h">
      <Filter>Source Files\jlinkage_lib\bm</Filter>
    </ClInclude>
    <ClInclude Include="jlinkage_lib\bm\bmalgo_impl.h">
      <Filter>Source Files\jlinkage_lib\bm</Filter>
    </ClInclude>
    <ClInclude Include="jlinkage_lib\bm\bmalloc.h">
      <Filter>Source Files\jlinkage_lib\bm</Filter>
    </ClInclude>
    <ClInclude Include="jlinkage_lib\bm\bmblocks.h">
      <Filter>Source Files\jlinkage_lib\bm</Filter>
    </ClInclude>
    <ClInclude Include="jlinkage_lib\bm\bmconst.h">
      <Filter>Source Files\jlinkage_lib\bm</Filter>
    </ClInclude>
    <ClInclude Include="jlinkage_lib\bm\bmdef.h">
      <Filter>Source Files\jlinkage_lib\bm</Filter>
    </ClInclude>
    <ClInclude Include="jlinkage_lib\bm\bmfunc.h">
      <Filter>Source Files\jlinkage_lib\bm</Filter>
    </ClInclude>
    <ClInclude Include="jlinkage_lib\bm\bmfwd.h">
      <Filter>Source Files\jlinkage_lib\bm</Filter>
    </ClInclude>
    <ClInclude Include="jlinkage_lib\bm\bmserial.h">
      <Filter>Source Files\jlinkage_lib\bm</Filter>
    </ClInclude>
    <ClInclude Include="jlinkage_lib\bm\bmsse2.h">
      <Filter>Source Files\jlinkage_lib\bm</Filter>
    </ClInclude>
    <ClInclude Include="jlinkage_lib\bm\bmundef.h">
      <Filter>Source Files\jlinkage_lib\bm</Filter>
    </ClInclude>
    <ClInclude Include="jlinkage_lib\bm\bmvmin.h">
      <Filter>Source Files\jlinkage_lib\bm</Filter>
    </ClInclude>
    <ClInclude Include="jlinkage_lib\bm\encoding.h">
      <Filter>Source Files\jlinkage_lib\bm</Filter>
    </ClInclude>
    <ClInclude Include="jlinkage_lib\JLinkage.h">
      <Filter>Source Files\jlinkage_lib</Filter>
    </ClInclude>
    <ClInclude Include="jlinkage_lib\JlnkCluster.h">
      <Filter>Source Files\jlinkage_lib</Filter>
    </ClInclude>
    <ClInclude Include="jlinkage_lib\JlnkSample.h">
      <Filter>Source Files\jlinkage_lib</Filter>
    </ClInclude>
    <ClInclude Include="jlinkage_lib\PrimitiveFunctions.h">
      <Filter>Source Files\jlinkage_lib</Filter>
    </ClInclude>
    <ClInclude Include="jlinkage_lib\Utilities.h">
      <Filter>Source Files\jlinkage_lib</Filter>
    </ClInclude>
    <ClInclude Include="jlinkage_lib\RandomSampler.h">
      <Filter>Source Files\jlinkage_lib</Filter>
    </ClInclude>
  </ItemGroup>
  <ItemGroup>
    <ClCompile Include="stdafx.cpp">
      <Filter>Source Files</Filter>
    </ClCompile>
    <ClCompile Include="main.cpp">
      <Filter>Source Files</Filter>
    </ClCompile>
    <ClCompile Include="movmf\movmf_main.cpp">
      <Filter>Source Files\movmf</Filter>
    </ClCompile>
    <ClCompile Include="movmf_lib\DenseMatrixDouble.cc">
      <Filter>Source Files\movmf_lib</Filter>
    </ClCompile>
    <ClCompile Include="movmf_lib\main.cc">
      <Filter>Source Files\movmf_lib</Filter>
    </ClCompile>
    <ClCompile Include="movmf_lib\mat_vec.cc">
      <Filter>Source Files\movmf_lib</Filter>
    </ClCompile>
    <ClCompile Include="movmf_lib\movmf.cc">
      <Filter>Source Files\movmf_lib</Filter>
    </ClCompile>
    <ClCompile Include="movmf_lib\movmf_base.cc">
      <Filter>Source Files\movmf_lib</Filter>
    </ClCompile>
    <ClCompile Include="movmf_lib\newbessel.cc">
      <Filter>Source Files\movmf_lib</Filter>
    </ClCompile>
    <ClCompile Include="movmf_lib\RandomGenerator.cc">
      <Filter>Source Files\movmf_lib</Filter>
    </ClCompile>
    <ClCompile Include="movmf_lib\SparseMatrixDouble.cc">
      <Filter>Source Files\movmf_lib</Filter>
    </ClCompile>
    <ClCompile Include="library_autolinking.cpp">
      <Filter>Source Files</Filter>
    </ClCompile>
    <ClCompile Include="ransac\ransac_main.cpp">
      <Filter>Source Files\ransac</Filter>
    </ClCompile>
    <ClCompile Include="ransac\ransac_plane_estimation.cpp">
      <Filter>Source Files\ransac</Filter>
    </ClCompile>
    <ClCompile Include="mcmcpp\mcmcpp_main.cpp">
      <Filter>Source Files\mcmcpp</Filter>
    </ClCompile>
    <ClCompile Include="scythe\scythe_main.cpp">
      <Filter>Source Files\scythe</Filter>
    </ClCompile>
    <ClCompile Include="boom\boom_main.cpp">
      <Filter>Source Files\boom</Filter>
    </ClCompile>
    <ClCompile Include="mcmcpp\mcmcpp_normal_example.cpp">
      <Filter>Source Files\mcmcpp</Filter>
    </ClCompile>
    <ClCompile Include="mcmcpp\mcmcpp_binomial_example.cpp">
      <Filter>Source Files\mcmcpp</Filter>
    </ClCompile>
    <ClCompile Include="mcmcpp\mcmcpp_multinomial_example.cpp">
      <Filter>Source Files\mcmcpp</Filter>
    </ClCompile>
    <ClCompile Include="mcmcpp\mcmcpp_normal_mixture_example.cpp">
      <Filter>Source Files\mcmcpp</Filter>
    </ClCompile>
    <ClCompile Include="scythe\scythe_matrix_operation.cpp">
      <Filter>Source Files\scythe</Filter>
    </ClCompile>
    <ClCompile Include="scythe\scythe_random.cpp">
      <Filter>Source Files\scythe</Filter>
    </ClCompile>
    <ClCompile Include="scythe\scythe_optimization.cpp">
      <Filter>Source Files\scythe</Filter>
    </ClCompile>
    <ClCompile Include="scythe\scythe_parametric_bootstrap_example.cpp">
      <Filter>Source Files\scythe</Filter>
    </ClCompile>
    <ClCompile Include="scythe\scythemcmc_normal_example.cpp">
      <Filter>Source Files\scythe</Filter>
    </ClCompile>
    <ClCompile Include="smctc\pffuncs.cpp">
      <Filter>Source Files\smctc</Filter>
    </ClCompile>
    <ClCompile Include="smctc\simfunctions.cpp">
      <Filter>Source Files\smctc</Filter>
    </ClCompile>
    <ClCompile Include="smctc\smctc_main.cpp">
      <Filter>Source Files\smctc</Filter>
    </ClCompile>
    <ClCompile Include="smctc\smctc_pf_example.cpp">
      <Filter>Source Files\smctc</Filter>
    </ClCompile>
    <ClCompile Include="smctc\smctc_rare_event_example.cpp">
      <Filter>Source Files\smctc</Filter>
    </ClCompile>
    <ClCompile Include="mcmcpp_lib\DataTable.cpp">
      <Filter>Source Files\mcmcpp_lib</Filter>
    </ClCompile>
    <ClCompile Include="mcmcpp_lib\Density.cpp">
      <Filter>Source Files\mcmcpp_lib</Filter>
    </ClCompile>
    <ClCompile Include="mcmcpp_lib\intervals.cpp">
      <Filter>Source Files\mcmcpp_lib</Filter>
    </ClCompile>
    <ClCompile Include="mcmcpp_lib\lot.cpp">
      <Filter>Source Files\mcmcpp_lib</Filter>
    </ClCompile>
    <ClCompile Include="mcmcpp_lib\MCMC.cpp">
      <Filter>Source Files\mcmcpp_lib</Filter>
    </ClCompile>
    <ClCompile Include="mcmcpp_lib\ratio.cpp">
      <Filter>Source Files\mcmcpp_lib</Filter>
    </ClCompile>
    <ClCompile Include="mcmcpp_lib\statistics.cpp">
      <Filter>Source Files\mcmcpp_lib</Filter>
    </ClCompile>
    <ClCompile Include="mcmcpp_lib\util.cpp">
      <Filter>Source Files\mcmcpp_lib</Filter>
    </ClCompile>
    <ClCompile Include="jlinkage_lib\JLinkage.cpp">
      <Filter>Source Files\jlinkage_lib</Filter>
    </ClCompile>
    <ClCompile Include="jlinkage_lib\JlnkCluster.cpp">
      <Filter>Source Files\jlinkage_lib</Filter>
    </ClCompile>
    <ClCompile Include="jlinkage_lib\JlnkSample.cpp">
      <Filter>Source Files\jlinkage_lib</Filter>
    </ClCompile>
    <ClCompile Include="jlinkage_lib\RandomSampler.cpp">
      <Filter>Source Files\jlinkage_lib</Filter>
    </ClCompile>
    <ClCompile Include="jlinkage_lib\Utilities.cpp">
      <Filter>Source Files\jlinkage_lib</Filter>
    </ClCompile>
    <ClCompile Include="jlinkage\jlinkage_main.cpp">
      <Filter>Source Files\jlinkage</Filter>
    </ClCompile>
  </ItemGroup>
</Project>