<?xml version="1.0" encoding="UTF-8" standalone="yes" ?>
<CodeBlocks_project_file>
	<FileVersion major="1" minor="6" />
	<Project>
		<Option title="ahrs" />
		<Option pch_mode="2" />
		<Option compiler="gcc" />
		<Build>
			<Target title="Debug">
				<Option output="../../bin/ahrs_d" prefix_auto="1" extension_auto="1" />
				<Option working_dir="../../bin/" />
				<Option object_output="obj/Debug/" />
				<Option type="1" />
				<Option compiler="gcc" />
				<Compiler>
					<Add option="-g" />
				</Compiler>
			</Target>
			<Target title="Release">
				<Option output="../../bin/ahrs" prefix_auto="1" extension_auto="1" />
				<Option working_dir="../../bin/" />
				<Option object_output="obj/Release/" />
				<Option type="1" />
				<Option compiler="gcc" />
				<Compiler>
					<Add option="-O2" />
				</Compiler>
				<Linker>
					<Add option="-s" />
				</Linker>
			</Target>
		</Build>
		<Compiler>
			<Add option="-Wall" />
			<Add option="-fexceptions" />
			<Add directory="../../inc" />
			<Add directory="/usr/include" />
		</Compiler>
		<Linker>
			<Add library="boost_system" />
			<Add directory="../../lib" />
			<Add directory="/usr/lib" />
		</Linker>
		<Unit filename="main.cpp" />
		<Unit filename="open_robotics_ars/open_robotics_ars_main.cpp" />
		<Unit filename="open_robotics_ars_lib/ARS.cpp" />
		<Unit filename="open_robotics_ars_lib/ARS.h" />
		<Unit filename="open_robotics_ars_lib/ARSByComplementaryFilterAndQuaternion.cpp" />
		<Unit filename="open_robotics_ars_lib/ARSByComplementaryFilterAndQuaternion.h" />
		<Unit filename="open_robotics_ars_lib/ARSByComplementaryFilterAndRotationMatrix.cpp" />
		<Unit filename="open_robotics_ars_lib/ARSByComplementaryFilterAndRotationMatrix.h" />
		<Unit filename="open_robotics_ars_lib/ARSByEKFAndQuaternion.cpp" />
		<Unit filename="open_robotics_ars_lib/ARSByEKFAndQuaternion.h" />
		<Unit filename="open_robotics_ars_lib/ARSByEKFAndRotationMatrix.cpp" />
		<Unit filename="open_robotics_ars_lib/ARSByEKFAndRotationMatrix.h" />
		<Unit filename="open_robotics_ars_lib/MatrixAlgebra.h" />
		<Unit filename="open_robotics_ars_lib/Quaternion.cpp" />
		<Unit filename="open_robotics_ars_lib/Quaternion.h" />
		<Unit filename="open_robotics_ars_lib/matrix/matrix.cc">
			<Option compile="0" />
			<Option link="0" />
		</Unit>
		<Unit filename="open_robotics_ars_lib/matrix/matrix2.hxx" />
		<Unit filename="open_robotics_ars_lib/mm.h" />
		<Unit filename="open_source_ahrs/open_source_ahrs_main.cpp" />
		<Unit filename="open_source_ahrs_lib/MadgwickAHRS.cpp" />
		<Unit filename="open_source_ahrs_lib/MadgwickAHRS.h" />
		<Unit filename="open_source_ahrs_lib/MahonyAHRS.cpp" />
		<Unit filename="open_source_ahrs_lib/MahonyAHRS.h" />
		<Unit filename="openahrs/openahrs_main.cpp" />
		<Extensions>
			<code_completion />
			<debugger />
		</Extensions>
	</Project>
</CodeBlocks_project_file>
