<?xml version="1.0" encoding="UTF-8" standalone="yes" ?>
<CodeBlocks_project_file>
	<FileVersion major="1" minor="6" />
	<Project>
		<Option title="algorithm" />
		<Option pch_mode="2" />
		<Option compiler="gcc" />
		<Build>
			<Target title="Debug">
				<Option output="../../bin/algorithm_d" prefix_auto="1" extension_auto="1" />
				<Option working_dir="../../bin/" />
				<Option object_output="obj/Debug/" />
				<Option type="1" />
				<Option compiler="gcc" />
				<Compiler>
					<Add option="-g" />
				</Compiler>
			</Target>
			<Target title="Release">
				<Option output="../../bin/algorithm" prefix_auto="1" extension_auto="1" />
				<Option working_dir="../../bin/" />
				<Option object_output="obj/Release/" />
				<Option type="1" />
				<Option compiler="gcc" />
				<Compiler>
					<Add option="-O2" />
				</Compiler>
				<Linker>
					<Add option="-s" />
				</Linker>
			</Target>
		</Build>
		<Compiler>
			<Add option="-Wall" />
			<Add option="-fexceptions" />
			<Add option="-std=gnu++0x" />
			<Add directory="./libkdtreepp_lib" />
			<Add directory="/usr/local/include" />
		</Compiler>
		<Linker>
			<Add library="ann" />
			<Add library="lshkit" />
			<Add library="gsl" />
			<Add library="gslcblas" />
			<Add library="boost_timer" />
			<Add directory="/usr/local/lib" />
		</Linker>
		<Unit filename="ann/ann_main.cpp" />
		<Unit filename="astar_algorithm_cpp/astar_algorithm_cpp_main.cpp" />
		<Unit filename="astar_algorithm_cpp_lib/8puzzle.cpp" />
		<Unit filename="astar_algorithm_cpp_lib/findpath.cpp" />
		<Unit filename="astar_algorithm_cpp_lib/fsa.h" />
		<Unit filename="astar_algorithm_cpp_lib/stlastar.h" />
		<Unit filename="kdtree/kdtree_main.cpp" />
		<Unit filename="kdtree_lib/kdtree.c">
			<Option compilerVar="CC" />
		</Unit>
		<Unit filename="kdtree_lib/kdtree.h" />
		<Unit filename="libkdtreepp/libkdtreepp_find_within_range_example.cpp" />
		<Unit filename="libkdtreepp/libkdtreepp_hayne_example.cpp" />
		<Unit filename="libkdtreepp/libkdtreepp_kdtree_example.cpp" />
		<Unit filename="libkdtreepp/libkdtreepp_main.cpp" />
		<Unit filename="libkdtreepp_lib/kdtree++/allocator.hpp" />
		<Unit filename="libkdtreepp_lib/kdtree++/function.hpp" />
		<Unit filename="libkdtreepp_lib/kdtree++/iterator.hpp" />
		<Unit filename="libkdtreepp_lib/kdtree++/kdtree.hpp" />
		<Unit filename="libkdtreepp_lib/kdtree++/node.hpp" />
		<Unit filename="libkdtreepp_lib/kdtree++/region.hpp" />
		<Unit filename="lshkit/lshkit_fitdata_example.cpp" />
		<Unit filename="lshkit/lshkit_main.cpp" />
		<Unit filename="lshkit/lshkit_scan_example.cpp" />
		<Unit filename="main.cpp" />
		<Unit filename="slash/slash_main.cpp" />
		<Unit filename="slash_lib/bitvector64.h" />
		<Unit filename="slash_lib/hash.cc" />
		<Unit filename="slash_lib/hash.h" />
		<Unit filename="slash_lib/lsh.h" />
		<Unit filename="slash_lib/lsh_test.cc">
			<Option target="&lt;{~None~}&gt;" />
		</Unit>
		<Unit filename="slash_lib/math.cc" />
		<Unit filename="slash_lib/math.h" />
		<Unit filename="slash_lib/querycontext.h" />
		<Unit filename="slash_lib/slsh.h" />
		<Unit filename="slash_lib/types.h" />
		<Unit filename="slash_lib/util.cc" />
		<Unit filename="slash_lib/util.h" />
		<Extensions>
			<code_completion />
			<debugger />
		</Extensions>
	</Project>
</CodeBlocks_project_file>
