<?xml version="1.0" encoding="UTF-8" standalone="yes" ?>
<CodeBlocks_project_file>
	<FileVersion major="1" minor="6" />
	<Project>
		<Option title="database" />
		<Option pch_mode="2" />
		<Option compiler="gcc" />
		<Build>
			<Target title="Debug">
				<Option output="..\..\bin\database" prefix_auto="1" extension_auto="1" />
				<Option working_dir="..\..\bin\" />
				<Option object_output=".\Debug\" />
				<Option type="1" />
				<Option compiler="gcc" />
				<Compiler>
					<Add option="-g" />
				</Compiler>
			</Target>
			<Target title="Release">
				<Option output="..\..\bin\database" prefix_auto="1" extension_auto="1" />
				<Option working_dir="..\..\bin\" />
				<Option object_output=".\Release\" />
				<Option type="1" />
				<Option compiler="gcc" />
				<Compiler>
					<Add option="-O2" />
				</Compiler>
				<Linker>
					<Add option="-s" />
				</Linker>
			</Target>
		</Build>
		<Compiler>
			<Add option="-Wall" />
			<Add option="-fexceptions" />
			<Add option="-DUNICODE" />
			<Add option="-D_UNICODE" />
		</Compiler>
		<Linker>
			<Add library="sqlite3" />
		</Linker>
		<Unit filename="main.cpp" />
		<Unit filename="mysql\mysql_main.cpp" />
		<Unit filename="sqlite\basic.cpp" />
		<Unit filename="sqlite\encryption_decryption.cpp" />
		<Unit filename="sqlite\sqlite_main.cpp" />
		<Extensions>
			<code_completion />
			<debugger />
		</Extensions>
	</Project>
</CodeBlocks_project_file>
