<?xml version="1.0" encoding="utf-8"?>
<Project ToolsVersion="4.0" xmlns="http://schemas.microsoft.com/developer/msbuild/2003">
  <ItemGroup>
    <Filter Include="Source Files">
      <UniqueIdentifier>{4FC737F1-C7A5-4376-A066-2A32D752A2FF}</UniqueIdentifier>
      <Extensions>cpp;c;cc;cxx;def;odl;idl;hpj;bat;asm;asmx</Extensions>
    </Filter>
    <Filter Include="Header Files">
      <UniqueIdentifier>{93995380-89BD-4b04-88EB-625FBE52EBFB}</UniqueIdentifier>
      <Extensions>h;hpp;hxx;hm;inl;inc;xsd</Extensions>
    </Filter>
    <Filter Include="Resource Files">
      <UniqueIdentifier>{67DA6AB6-F800-4c08-8B7A-83BB121AAD01}</UniqueIdentifier>
      <Extensions>rc;ico;cur;bmp;dlg;rc2;rct;bin;rgs;gif;jpg;jpeg;jpe;resx;tiff;tif;png;wav</Extensions>
    </Filter>
    <Filter Include="Source Files\sqlite">
      <UniqueIdentifier>{d9dc2a36-a0cb-478d-bcae-59a9a78bf6fd}</UniqueIdentifier>
    </Filter>
    <Filter Include="Source Files\mysql">
      <UniqueIdentifier>{9c93cb9a-41eb-4fbe-9689-2cb7ba2bc5d4}</UniqueIdentifier>
    </Filter>
    <Filter Include="Source Files\sqlite_lib">
      <UniqueIdentifier>{0510d023-025b-4fad-bc7f-c2683b855c1b}</UniqueIdentifier>
    </Filter>
    <Filter Include="Source Files\lmdbxx_lib">
      <UniqueIdentifier>{f1fbff53-2527-4cf4-b844-d4399e8df1a1}</UniqueIdentifier>
    </Filter>
    <Filter Include="Source Files\lmdbxx">
      <UniqueIdentifier>{b418d391-936e-40b6-8ef0-756d3f0c1376}</UniqueIdentifier>
    </Filter>
  </ItemGroup>
  <ItemGroup>
    <ClCompile Include="main.cpp">
      <Filter>Source Files</Filter>
    </ClCompile>
    <ClCompile Include="stdafx.cpp">
      <Filter>Source Files</Filter>
    </ClCompile>
    <ClCompile Include="mysql\mysql_main.cpp">
      <Filter>Source Files\mysql</Filter>
    </ClCompile>
    <ClCompile Include="sqlite\sqlite_main.cpp">
      <Filter>Source Files\sqlite</Filter>
    </ClCompile>
    <ClCompile Include="sqlite\sqlite_basic.cpp">
      <Filter>Source Files\sqlite</Filter>
    </ClCompile>
    <ClCompile Include="sqlite\sqlite_encryption_decryption.cpp">
      <Filter>Source Files\sqlite</Filter>
    </ClCompile>
    <ClCompile Include="sqlite_lib\shell.c">
      <Filter>Source Files\sqlite_lib</Filter>
    </ClCompile>
    <ClCompile Include="sqlite_lib\sqlite3.c">
      <Filter>Source Files\sqlite_lib</Filter>
    </ClCompile>
    <ClCompile Include="library_autolinking.cpp">
      <Filter>Source Files</Filter>
    </ClCompile>
    <ClCompile Include="lmdbxx\lmdbxx_main.cpp">
      <Filter>Source Files\lmdbxx</Filter>
    </ClCompile>
  </ItemGroup>
  <ItemGroup>
    <ClInclude Include="stdafx.h">
      <Filter>Header Files</Filter>
    </ClInclude>
    <ClInclude Include="sqlite_lib\sqlite3.h">
      <Filter>Source Files\sqlite_lib</Filter>
    </ClInclude>
    <ClInclude Include="sqlite_lib\sqlite3ext.h">
      <Filter>Source Files\sqlite_lib</Filter>
    </ClInclude>
    <ClInclude Include="lmdbxx_lib\lmdb++.h">
      <Filter>Source Files\lmdbxx_lib</Filter>
    </ClInclude>
  </ItemGroup>
  <ItemGroup>
    <None Include="ReadMe.txt" />
  </ItemGroup>
</Project>