<?xml version="1.0" encoding="utf-8"?>
<Project ToolsVersion="4.0" xmlns="http://schemas.microsoft.com/developer/msbuild/2003">
  <ItemGroup>
    <Filter Include="Source Files">
      <UniqueIdentifier>{4FC737F1-C7A5-4376-A066-2A32D752A2FF}</UniqueIdentifier>
      <Extensions>cpp;c;cc;cxx;def;odl;idl;hpj;bat;asm;asmx</Extensions>
    </Filter>
    <Filter Include="Header Files">
      <UniqueIdentifier>{93995380-89BD-4b04-88EB-625FBE52EBFB}</UniqueIdentifier>
      <Extensions>h;hpp;hxx;hm;inl;inc;xsd</Extensions>
    </Filter>
    <Filter Include="Resource Files">
      <UniqueIdentifier>{67DA6AB6-F800-4c08-8B7A-83BB121AAD01}</UniqueIdentifier>
      <Extensions>rc;ico;cur;bmp;dlg;rc2;rct;bin;rgs;gif;jpg;jpeg;jpe;resx;tiff;tif;png;wav;mfcribbon-ms</Extensions>
    </Filter>
    <Filter Include="Header Files\surf">
      <UniqueIdentifier>{6e1a203c-9251-406a-b82f-dded2310d4b2}</UniqueIdentifier>
    </Filter>
    <Filter Include="Source Files\fst">
      <UniqueIdentifier>{c1266a7e-53b7-4638-b597-3848fffe848a}</UniqueIdentifier>
    </Filter>
    <Filter Include="Source Files\fst_lib">
      <UniqueIdentifier>{ca4bf0f6-37cb-4b5b-bca3-228c454bf92f}</UniqueIdentifier>
    </Filter>
    <Filter Include="Source Files\fst_lib\_src_criteria">
      <UniqueIdentifier>{144bffe5-3bae-4840-8622-d9b9845b1839}</UniqueIdentifier>
    </Filter>
    <Filter Include="Source Files\fst_lib\_src_dataio">
      <UniqueIdentifier>{1fa3863f-67c8-468a-a4f7-3c9e125f62f0}</UniqueIdentifier>
    </Filter>
    <Filter Include="Source Files\fst_lib\_src_global">
      <UniqueIdentifier>{fb2743c4-3b0a-4c3c-b05b-ac8b4c0389d5}</UniqueIdentifier>
    </Filter>
    <Filter Include="Source Files\fst_lib\_src_search">
      <UniqueIdentifier>{2b8bd113-1fea-474e-9640-cd35f340e6d0}</UniqueIdentifier>
    </Filter>
    <Filter Include="Source Files\hog">
      <UniqueIdentifier>{8369c0cb-b48f-4c67-acf1-e29887f827bf}</UniqueIdentifier>
    </Filter>
    <Filter Include="Source Files\svm_light_lib">
      <UniqueIdentifier>{e2cd2d27-b595-4606-bb87-5682a6a02596}</UniqueIdentifier>
    </Filter>
    <Filter Include="Source Files\svm_light_lib\svm_light">
      <UniqueIdentifier>{cb8e93a4-939d-4dd8-a3f2-7948f854fa33}</UniqueIdentifier>
    </Filter>
  </ItemGroup>
  <ItemGroup>
    <ClInclude Include="surf\surf_imload.h">
      <Filter>Header Files\surf</Filter>
    </ClInclude>
    <ClInclude Include="surf\surf_os_mapping.h">
      <Filter>Header Files\surf</Filter>
    </ClInclude>
    <ClInclude Include="fst_lib\_src_criteria\classifier.hpp">
      <Filter>Source Files\fst_lib\_src_criteria</Filter>
    </ClInclude>
    <ClInclude Include="fst_lib\_src_criteria\classifier_knn.hpp">
      <Filter>Source Files\fst_lib\_src_criteria</Filter>
    </ClInclude>
    <ClInclude Include="fst_lib\_src_criteria\classifier_multinom_naivebayes.hpp">
      <Filter>Source Files\fst_lib\_src_criteria</Filter>
    </ClInclude>
    <ClInclude Include="fst_lib\_src_criteria\classifier_normal_bayes.hpp">
      <Filter>Source Files\fst_lib\_src_criteria</Filter>
    </ClInclude>
    <ClInclude Include="fst_lib\_src_criteria\classifier_svm.hpp">
      <Filter>Source Files\fst_lib\_src_criteria</Filter>
    </ClInclude>
    <ClInclude Include="fst_lib\_src_criteria\criterion.hpp">
      <Filter>Source Files\fst_lib\_src_criteria</Filter>
    </ClInclude>
    <ClInclude Include="fst_lib\_src_criteria\criterion_multinom.hpp">
      <Filter>Source Files\fst_lib\_src_criteria</Filter>
    </ClInclude>
    <ClInclude Include="fst_lib\_src_criteria\criterion_multinom_bhattacharyya.hpp">
      <Filter>Source Files\fst_lib\_src_criteria</Filter>
    </ClInclude>
    <ClInclude Include="fst_lib\_src_criteria\criterion_negative.hpp">
      <Filter>Source Files\fst_lib\_src_criteria</Filter>
    </ClInclude>
    <ClInclude Include="fst_lib\_src_criteria\criterion_normal.hpp">
      <Filter>Source Files\fst_lib\_src_criteria</Filter>
    </ClInclude>
    <ClInclude Include="fst_lib\_src_criteria\criterion_normal_bhattacharyya.hpp">
      <Filter>Source Files\fst_lib\_src_criteria</Filter>
    </ClInclude>
    <ClInclude Include="fst_lib\_src_criteria\criterion_normal_divergence.hpp">
      <Filter>Source Files\fst_lib\_src_criteria</Filter>
    </ClInclude>
    <ClInclude Include="fst_lib\_src_criteria\criterion_normal_gmahalanobis.hpp">
      <Filter>Source Files\fst_lib\_src_criteria</Filter>
    </ClInclude>
    <ClInclude Include="fst_lib\_src_criteria\criterion_subsetsize.hpp">
      <Filter>Source Files\fst_lib\_src_criteria</Filter>
    </ClInclude>
    <ClInclude Include="fst_lib\_src_criteria\criterion_sumofweights.hpp">
      <Filter>Source Files\fst_lib\_src_criteria</Filter>
    </ClInclude>
    <ClInclude Include="fst_lib\_src_criteria\criterion_wrapper.hpp">
      <Filter>Source Files\fst_lib\_src_criteria</Filter>
    </ClInclude>
    <ClInclude Include="fst_lib\_src_criteria\criterion_wrapper_bias_estimate.hpp">
      <Filter>Source Files\fst_lib\_src_criteria</Filter>
    </ClInclude>
    <ClInclude Include="fst_lib\_src_criteria\distance.hpp">
      <Filter>Source Files\fst_lib\_src_criteria</Filter>
    </ClInclude>
    <ClInclude Include="fst_lib\_src_criteria\distance_euclid.hpp">
      <Filter>Source Files\fst_lib\_src_criteria</Filter>
    </ClInclude>
    <ClInclude Include="fst_lib\_src_criteria\distance_L1.hpp">
      <Filter>Source Files\fst_lib\_src_criteria</Filter>
    </ClInclude>
    <ClInclude Include="fst_lib\_src_criteria\distance_Lp.hpp">
      <Filter>Source Files\fst_lib\_src_criteria</Filter>
    </ClInclude>
    <ClInclude Include="fst_lib\_src_criteria\indexed_matrix.hpp">
      <Filter>Source Files\fst_lib\_src_criteria</Filter>
    </ClInclude>
    <ClInclude Include="fst_lib\_src_criteria\indexed_vector.hpp">
      <Filter>Source Files\fst_lib\_src_criteria</Filter>
    </ClInclude>
    <ClInclude Include="fst_lib\_src_criteria\model.hpp">
      <Filter>Source Files\fst_lib\_src_criteria</Filter>
    </ClInclude>
    <ClInclude Include="fst_lib\_src_criteria\model_multinom.hpp">
      <Filter>Source Files\fst_lib\_src_criteria</Filter>
    </ClInclude>
    <ClInclude Include="fst_lib\_src_criteria\model_normal.hpp">
      <Filter>Source Files\fst_lib\_src_criteria</Filter>
    </ClInclude>
    <ClInclude Include="fst_lib\_src_dataio\data_accessor.hpp">
      <Filter>Source Files\fst_lib\_src_dataio</Filter>
    </ClInclude>
    <ClInclude Include="fst_lib\_src_dataio\data_accessor_splitting.hpp">
      <Filter>Source Files\fst_lib\_src_dataio</Filter>
    </ClInclude>
    <ClInclude Include="fst_lib\_src_dataio\data_accessor_splitting_mem.hpp">
      <Filter>Source Files\fst_lib\_src_dataio</Filter>
    </ClInclude>
    <ClInclude Include="fst_lib\_src_dataio\data_accessor_splitting_memARFF.hpp">
      <Filter>Source Files\fst_lib\_src_dataio</Filter>
    </ClInclude>
    <ClInclude Include="fst_lib\_src_dataio\data_accessor_splitting_memTRN.hpp">
      <Filter>Source Files\fst_lib\_src_dataio</Filter>
    </ClInclude>
    <ClInclude Include="fst_lib\_src_dataio\data_file_ARFF.hpp">
      <Filter>Source Files\fst_lib\_src_dataio</Filter>
    </ClInclude>
    <ClInclude Include="fst_lib\_src_dataio\data_file_TRN.hpp">
      <Filter>Source Files\fst_lib\_src_dataio</Filter>
    </ClInclude>
    <ClInclude Include="fst_lib\_src_dataio\data_intervaller.hpp">
      <Filter>Source Files\fst_lib\_src_dataio</Filter>
    </ClInclude>
    <ClInclude Include="fst_lib\_src_dataio\data_scaler.hpp">
      <Filter>Source Files\fst_lib\_src_dataio</Filter>
    </ClInclude>
    <ClInclude Include="fst_lib\_src_dataio\data_scaler_to01.hpp">
      <Filter>Source Files\fst_lib\_src_dataio</Filter>
    </ClInclude>
    <ClInclude Include="fst_lib\_src_dataio\data_scaler_void.hpp">
      <Filter>Source Files\fst_lib\_src_dataio</Filter>
    </ClInclude>
    <ClInclude Include="fst_lib\_src_dataio\data_scaler_white.hpp">
      <Filter>Source Files\fst_lib\_src_dataio</Filter>
    </ClInclude>
    <ClInclude Include="fst_lib\_src_dataio\data_splitter.hpp">
      <Filter>Source Files\fst_lib\_src_dataio</Filter>
    </ClInclude>
    <ClInclude Include="fst_lib\_src_dataio\data_splitter_5050.hpp">
      <Filter>Source Files\fst_lib\_src_dataio</Filter>
    </ClInclude>
    <ClInclude Include="fst_lib\_src_dataio\data_splitter_cv.hpp">
      <Filter>Source Files\fst_lib\_src_dataio</Filter>
    </ClInclude>
    <ClInclude Include="fst_lib\_src_dataio\data_splitter_holdout.hpp">
      <Filter>Source Files\fst_lib\_src_dataio</Filter>
    </ClInclude>
    <ClInclude Include="fst_lib\_src_dataio\data_splitter_leave1out.hpp">
      <Filter>Source Files\fst_lib\_src_dataio</Filter>
    </ClInclude>
    <ClInclude Include="fst_lib\_src_dataio\data_splitter_randfix.hpp">
      <Filter>Source Files\fst_lib\_src_dataio</Filter>
    </ClInclude>
    <ClInclude Include="fst_lib\_src_dataio\data_splitter_randrand.hpp">
      <Filter>Source Files\fst_lib\_src_dataio</Filter>
    </ClInclude>
    <ClInclude Include="fst_lib\_src_dataio\data_splitter_resub.hpp">
      <Filter>Source Files\fst_lib\_src_dataio</Filter>
    </ClInclude>
    <ClInclude Include="fst_lib\_src_global\clonable.hpp">
      <Filter>Source Files\fst_lib\_src_global</Filter>
    </ClInclude>
    <ClInclude Include="fst_lib\_src_global\error.hpp">
      <Filter>Source Files\fst_lib\_src_global</Filter>
    </ClInclude>
    <ClInclude Include="fst_lib\_src_global\global.hpp">
      <Filter>Source Files\fst_lib\_src_global</Filter>
    </ClInclude>
    <ClInclude Include="fst_lib\_src_global\subset.hpp">
      <Filter>Source Files\fst_lib\_src_global</Filter>
    </ClInclude>
    <ClInclude Include="fst_lib\_src_global\thread_pool.hpp">
      <Filter>Source Files\fst_lib\_src_global</Filter>
    </ClInclude>
    <ClInclude Include="fst_lib\_src_search\branch_and_bound_predictor.hpp">
      <Filter>Source Files\fst_lib\_src_search</Filter>
    </ClInclude>
    <ClInclude Include="fst_lib\_src_search\branch_and_bound_predictor_averaging.hpp">
      <Filter>Source Files\fst_lib\_src_search</Filter>
    </ClInclude>
    <ClInclude Include="fst_lib\_src_search\candidate_evaluator_threaded.hpp">
      <Filter>Source Files\fst_lib\_src_search</Filter>
    </ClInclude>
    <ClInclude Include="fst_lib\_src_search\result_tracker.hpp">
      <Filter>Source Files\fst_lib\_src_search</Filter>
    </ClInclude>
    <ClInclude Include="fst_lib\_src_search\result_tracker_dupless.hpp">
      <Filter>Source Files\fst_lib\_src_search</Filter>
    </ClInclude>
    <ClInclude Include="fst_lib\_src_search\result_tracker_feature_stats.hpp">
      <Filter>Source Files\fst_lib\_src_search</Filter>
    </ClInclude>
    <ClInclude Include="fst_lib\_src_search\result_tracker_regularizer.hpp">
      <Filter>Source Files\fst_lib\_src_search</Filter>
    </ClInclude>
    <ClInclude Include="fst_lib\_src_search\result_tracker_stabileval.hpp">
      <Filter>Source Files\fst_lib\_src_search</Filter>
    </ClInclude>
    <ClInclude Include="fst_lib\_src_search\search.hpp">
      <Filter>Source Files\fst_lib\_src_search</Filter>
    </ClInclude>
    <ClInclude Include="fst_lib\_src_search\search_bif.hpp">
      <Filter>Source Files\fst_lib\_src_search</Filter>
    </ClInclude>
    <ClInclude Include="fst_lib\_src_search\search_bif_threaded.hpp">
      <Filter>Source Files\fst_lib\_src_search</Filter>
    </ClInclude>
    <ClInclude Include="fst_lib\_src_search\search_branch_and_bound.hpp">
      <Filter>Source Files\fst_lib\_src_search</Filter>
    </ClInclude>
    <ClInclude Include="fst_lib\_src_search\search_branch_and_bound_basic.hpp">
      <Filter>Source Files\fst_lib\_src_search</Filter>
    </ClInclude>
    <ClInclude Include="fst_lib\_src_search\search_branch_and_bound_fast.hpp">
      <Filter>Source Files\fst_lib\_src_search</Filter>
    </ClInclude>
    <ClInclude Include="fst_lib\_src_search\search_branch_and_bound_improved.hpp">
      <Filter>Source Files\fst_lib\_src_search</Filter>
    </ClInclude>
    <ClInclude Include="fst_lib\_src_search\search_branch_and_bound_improved_threaded.hpp">
      <Filter>Source Files\fst_lib\_src_search</Filter>
    </ClInclude>
    <ClInclude Include="fst_lib\_src_search\search_branch_and_bound_partial_prediction.hpp">
      <Filter>Source Files\fst_lib\_src_search</Filter>
    </ClInclude>
    <ClInclude Include="fst_lib\_src_search\search_exhaustive.hpp">
      <Filter>Source Files\fst_lib\_src_search</Filter>
    </ClInclude>
    <ClInclude Include="fst_lib\_src_search\search_exhaustive_threaded.hpp">
      <Filter>Source Files\fst_lib\_src_search</Filter>
    </ClInclude>
    <ClInclude Include="fst_lib\_src_search\search_monte_carlo.hpp">
      <Filter>Source Files\fst_lib\_src_search</Filter>
    </ClInclude>
    <ClInclude Include="fst_lib\_src_search\search_monte_carlo_threaded.hpp">
      <Filter>Source Files\fst_lib\_src_search</Filter>
    </ClInclude>
    <ClInclude Include="fst_lib\_src_search\search_seq.hpp">
      <Filter>Source Files\fst_lib\_src_search</Filter>
    </ClInclude>
    <ClInclude Include="fst_lib\_src_search\search_seq_dos.hpp">
      <Filter>Source Files\fst_lib\_src_search</Filter>
    </ClInclude>
    <ClInclude Include="fst_lib\_src_search\search_seq_os.hpp">
      <Filter>Source Files\fst_lib\_src_search</Filter>
    </ClInclude>
    <ClInclude Include="fst_lib\_src_search\search_seq_sffs.hpp">
      <Filter>Source Files\fst_lib\_src_search</Filter>
    </ClInclude>
    <ClInclude Include="fst_lib\_src_search\search_seq_sfrs.hpp">
      <Filter>Source Files\fst_lib\_src_search</Filter>
    </ClInclude>
    <ClInclude Include="fst_lib\_src_search\search_seq_sfs.hpp">
      <Filter>Source Files\fst_lib\_src_search</Filter>
    </ClInclude>
    <ClInclude Include="fst_lib\_src_search\seq_step.hpp">
      <Filter>Source Files\fst_lib\_src_search</Filter>
    </ClInclude>
    <ClInclude Include="fst_lib\_src_search\seq_step_ensemble.hpp">
      <Filter>Source Files\fst_lib\_src_search</Filter>
    </ClInclude>
    <ClInclude Include="fst_lib\_src_search\seq_step_hybrid.hpp">
      <Filter>Source Files\fst_lib\_src_search</Filter>
    </ClInclude>
    <ClInclude Include="fst_lib\_src_search\seq_step_straight.hpp">
      <Filter>Source Files\fst_lib\_src_search</Filter>
    </ClInclude>
    <ClInclude Include="fst_lib\_src_search\seq_step_straight_threaded.hpp">
      <Filter>Source Files\fst_lib\_src_search</Filter>
    </ClInclude>
    <ClInclude Include="fst_lib\_src_search\stopwatch.hpp">
      <Filter>Source Files\fst_lib\_src_search</Filter>
    </ClInclude>
    <ClInclude Include="svm_light_lib\svm_light\kernel.h">
      <Filter>Source Files\svm_light_lib\svm_light</Filter>
    </ClInclude>
    <ClInclude Include="svm_light_lib\svm_light\svm_common.h">
      <Filter>Source Files\svm_light_lib\svm_light</Filter>
    </ClInclude>
    <ClInclude Include="svm_light_lib\svm_light\svm_learn.h">
      <Filter>Source Files\svm_light_lib\svm_light</Filter>
    </ClInclude>
  </ItemGroup>
  <ItemGroup>
    <ClCompile Include="library_autolinking.cpp">
      <Filter>Source Files</Filter>
    </ClCompile>
    <ClCompile Include="main.cpp">
      <Filter>Source Files</Filter>
    </ClCompile>
    <ClCompile Include="fst\fst_main.cpp">
      <Filter>Source Files\fst</Filter>
    </ClCompile>
    <ClCompile Include="fst\fst_demo10.cpp">
      <Filter>Source Files\fst</Filter>
    </ClCompile>
    <ClCompile Include="fst_lib\_src_global\global.cpp">
      <Filter>Source Files\fst_lib\_src_global</Filter>
    </ClCompile>
    <ClCompile Include="hog\hog_main.cpp">
      <Filter>Source Files\hog</Filter>
    </ClCompile>
    <ClCompile Include="hog\hog_training_HOG.cpp">
      <Filter>Source Files\hog</Filter>
    </ClCompile>
    <ClCompile Include="svm_light_lib\svm_light\svm_classify.c">
      <Filter>Source Files\svm_light_lib\svm_light</Filter>
    </ClCompile>
    <ClCompile Include="svm_light_lib\svm_light\svm_common.c">
      <Filter>Source Files\svm_light_lib\svm_light</Filter>
    </ClCompile>
    <ClCompile Include="svm_light_lib\svm_light\svm_hideo.c">
      <Filter>Source Files\svm_light_lib\svm_light</Filter>
    </ClCompile>
    <ClCompile Include="svm_light_lib\svm_light\svm_learn.c">
      <Filter>Source Files\svm_light_lib\svm_light</Filter>
    </ClCompile>
    <ClCompile Include="svm_light_lib\svm_light\svm_learn_main.c">
      <Filter>Source Files\svm_light_lib\svm_light</Filter>
    </ClCompile>
    <ClCompile Include="svm_light_lib\svm_light\svm_loqo.c">
      <Filter>Source Files\svm_light_lib\svm_light</Filter>
    </ClCompile>
  </ItemGroup>
</Project>