<?xml version="1.0" encoding="UTF-8" standalone="yes" ?>
<CodeBlocks_project_file>
	<FileVersion major="1" minor="6" />
	<Project>
		<Option title="feature_analysis" />
		<Option pch_mode="2" />
		<Option compiler="gcc" />
		<Build>
			<Target title="Debug">
				<Option output="../../bin/feature_analysis_d" prefix_auto="1" extension_auto="1" />
				<Option working_dir="../../bin/" />
				<Option object_output="obj/Debug/" />
				<Option type="1" />
				<Option compiler="gcc" />
				<Compiler>
					<Add option="-g" />
				</Compiler>
			</Target>
			<Target title="Release">
				<Option output="../../bin/feature_analysis" prefix_auto="1" extension_auto="1" />
				<Option working_dir="../../bin/" />
				<Option object_output="obj/Release/" />
				<Option type="1" />
				<Option compiler="gcc" />
				<Compiler>
					<Add option="-O2" />
				</Compiler>
				<Linker>
					<Add option="-s" />
				</Linker>
			</Target>
		</Build>
		<Compiler>
			<Add option="-Wall" />
			<Add option="-fexceptions" />
			<Add directory="/usr/local/include/" />
		</Compiler>
		<Linker>
			<Add library="opencv_core" />
			<Add directory="/usr/local/lib/" />
		</Linker>
		<Unit filename="lsd/lsd_main.cpp" />
		<Unit filename="lsd_lib/lsd.cpp" />
		<Unit filename="lsd_lib/lsd.h" />
		<Unit filename="lsd_lib/lsd_call_example.cpp">
			<Option compile="0" />
			<Option link="0" />
		</Unit>
		<Unit filename="lsd_lib/lsd_cmd.cpp" />
		<Unit filename="main.cpp" />
		<Unit filename="pictorial_structures_revisited/parteval.cpp" />
		<Unit filename="pictorial_structures_revisited/parteval.h" />
		<Unit filename="pictorial_structures_revisited/pictorial_structures_revisited_main.cpp" />
		<Unit filename="pictorial_structures_revisited/pictorial_structures_revisited_partapp.cpp" />
		<Unit filename="sift/sift_display_feature.cpp" />
		<Unit filename="sift/sift_extract_feature.cpp" />
		<Unit filename="sift/sift_main.cpp" />
		<Unit filename="sift/sift_match_feature.cpp" />
		<Unit filename="siftgpu/siftgpu_main.cpp" />
		<Unit filename="surf/surf_imload.cpp" />
		<Unit filename="surf/surf_imload.h" />
		<Unit filename="surf/surf_main.cpp" />
		<Unit filename="surf/surf_os_mapping.cpp" />
		<Unit filename="surf/surf_os_mapping.h" />
		<Extensions>
			<code_completion />
			<debugger />
		</Extensions>
	</Project>
</CodeBlocks_project_file>
