<?xml version="1.0" encoding="utf-8"?>
<Project ToolsVersion="4.0" xmlns="http://schemas.microsoft.com/developer/msbuild/2003">
  <ItemGroup>
    <Filter Include="Source Files">
      <UniqueIdentifier>{4FC737F1-C7A5-4376-A066-2A32D752A2FF}</UniqueIdentifier>
      <Extensions>cpp;c;cc;cxx;def;odl;idl;hpj;bat;asm;asmx</Extensions>
    </Filter>
    <Filter Include="Header Files">
      <UniqueIdentifier>{93995380-89BD-4b04-88EB-625FBE52EBFB}</UniqueIdentifier>
      <Extensions>h;hpp;hxx;hm;inl;inc;xsd</Extensions>
    </Filter>
    <Filter Include="Resource Files">
      <UniqueIdentifier>{67DA6AB6-F800-4c08-8B7A-83BB121AAD01}</UniqueIdentifier>
      <Extensions>rc;ico;cur;bmp;dlg;rc2;rct;bin;rgs;gif;jpg;jpeg;jpe;resx;tiff;tif;png;wav;mfcribbon-ms</Extensions>
    </Filter>
    <Filter Include="Source Files\bgscollection">
      <UniqueIdentifier>{5f926f00-c83c-4183-abf0-068e980f543c}</UniqueIdentifier>
    </Filter>
    <Filter Include="Source Files\bgslibrary">
      <UniqueIdentifier>{019af61f-5035-4c4e-854c-1168270eaba4}</UniqueIdentifier>
    </Filter>
    <Filter Include="Source Files\bgscollection_lib">
      <UniqueIdentifier>{34549313-a99a-4161-b023-cf73cf0aa357}</UniqueIdentifier>
    </Filter>
    <Filter Include="Source Files\bgslibrary_lib">
      <UniqueIdentifier>{4f8a8e60-bbf6-425e-9468-b05c46e8a060}</UniqueIdentifier>
    </Filter>
    <Filter Include="Source Files\bgslibrary_lib\package_bgs">
      <UniqueIdentifier>{840260ac-c2e7-4f4b-a186-b606fdca7404}</UniqueIdentifier>
    </Filter>
    <Filter Include="Source Files\bgslibrary_lib\package_bgs\dp">
      <UniqueIdentifier>{c97bb51b-cf17-4ae8-8d9b-0550c951bc58}</UniqueIdentifier>
    </Filter>
    <Filter Include="Source Files\bgslibrary_lib\package_bgs\jmo">
      <UniqueIdentifier>{6a2751a8-f40b-470f-86a5-54699609667f}</UniqueIdentifier>
    </Filter>
    <Filter Include="Source Files\bgslibrary_lib\package_bgs\lb">
      <UniqueIdentifier>{206e8b8f-3b3d-4885-931b-347bceddd319}</UniqueIdentifier>
    </Filter>
    <Filter Include="Source Files\bgslibrary_lib\package_bgs\tb">
      <UniqueIdentifier>{2acca112-1275-4cb2-a236-c2437f6fd7bc}</UniqueIdentifier>
    </Filter>
    <Filter Include="Source Files\bgslibrary_lib\package_bgs\ae">
      <UniqueIdentifier>{d1041d4c-4898-4feb-98d5-2cc591bc3171}</UniqueIdentifier>
    </Filter>
    <Filter Include="Source Files\bgslibrary_lib\package_bgs\av">
      <UniqueIdentifier>{1d1af20d-6b4a-47a3-8a44-669ab4a42be5}</UniqueIdentifier>
    </Filter>
    <Filter Include="Source Files\bgslibrary_lib\package_bgs\bl">
      <UniqueIdentifier>{403a1cb0-3d3b-4e21-9edc-4baf40f493b5}</UniqueIdentifier>
    </Filter>
    <Filter Include="Source Files\bgslibrary_lib\package_bgs\ck">
      <UniqueIdentifier>{b6ee4dd8-b113-41db-92c2-44434524b13c}</UniqueIdentifier>
    </Filter>
    <Filter Include="Source Files\bgslibrary_lib\package_bgs\db">
      <UniqueIdentifier>{9b384e8a-a71a-4049-a654-61118129789f}</UniqueIdentifier>
    </Filter>
    <Filter Include="Source Files\bgslibrary_lib\package_bgs\my">
      <UniqueIdentifier>{949e6663-663e-4c8c-8c36-20f809a381ee}</UniqueIdentifier>
    </Filter>
    <Filter Include="Source Files\bgslibrary_lib\package_bgs\pl">
      <UniqueIdentifier>{4c8fcc5c-23ce-40ac-ac42-058406b6399b}</UniqueIdentifier>
    </Filter>
    <Filter Include="Source Files\bgslibrary_lib\package_bgs\sjn">
      <UniqueIdentifier>{d3ca5436-8748-4f3d-9c29-154ca84d827b}</UniqueIdentifier>
    </Filter>
  </ItemGroup>
  <ItemGroup>
    <ClInclude Include="bgscollection_lib\bskde.h">
      <Filter>Source Files\bgscollection_lib</Filter>
    </ClInclude>
    <ClInclude Include="bgscollection_lib\sobs.h">
      <Filter>Source Files\bgscollection_lib</Filter>
    </ClInclude>
    <ClInclude Include="bgslibrary_lib\package_bgs\jmo\BackgroundSubtractionAPI.h">
      <Filter>Source Files\bgslibrary_lib\package_bgs\jmo</Filter>
    </ClInclude>
    <ClInclude Include="bgslibrary_lib\package_bgs\jmo\BGS.h">
      <Filter>Source Files\bgslibrary_lib\package_bgs\jmo</Filter>
    </ClInclude>
    <ClInclude Include="bgslibrary_lib\package_bgs\jmo\blob.h">
      <Filter>Source Files\bgslibrary_lib\package_bgs\jmo</Filter>
    </ClInclude>
    <ClInclude Include="bgslibrary_lib\package_bgs\jmo\BlobExtraction.h">
      <Filter>Source Files\bgslibrary_lib\package_bgs\jmo</Filter>
    </ClInclude>
    <ClInclude Include="bgslibrary_lib\package_bgs\jmo\BlobLibraryConfiguration.h">
      <Filter>Source Files\bgslibrary_lib\package_bgs\jmo</Filter>
    </ClInclude>
    <ClInclude Include="bgslibrary_lib\package_bgs\jmo\BlobResult.h">
      <Filter>Source Files\bgslibrary_lib\package_bgs\jmo</Filter>
    </ClInclude>
    <ClInclude Include="bgslibrary_lib\package_bgs\jmo\CMultiLayerBGS.h">
      <Filter>Source Files\bgslibrary_lib\package_bgs\jmo</Filter>
    </ClInclude>
    <ClInclude Include="bgslibrary_lib\package_bgs\jmo\LocalBinaryPattern.h">
      <Filter>Source Files\bgslibrary_lib\package_bgs\jmo</Filter>
    </ClInclude>
    <ClInclude Include="bgslibrary_lib\package_bgs\jmo\MultiLayerBGS.h">
      <Filter>Source Files\bgslibrary_lib\package_bgs\jmo</Filter>
    </ClInclude>
    <ClInclude Include="bgslibrary_lib\package_bgs\jmo\OpenCvDataConversion.h">
      <Filter>Source Files\bgslibrary_lib\package_bgs\jmo</Filter>
    </ClInclude>
    <ClInclude Include="bgslibrary_lib\package_bgs\lb\BGModel.h">
      <Filter>Source Files\bgslibrary_lib\package_bgs\lb</Filter>
    </ClInclude>
    <ClInclude Include="bgslibrary_lib\package_bgs\lb\BGModelFuzzyGauss.h">
      <Filter>Source Files\bgslibrary_lib\package_bgs\lb</Filter>
    </ClInclude>
    <ClInclude Include="bgslibrary_lib\package_bgs\lb\BGModelFuzzySom.h">
      <Filter>Source Files\bgslibrary_lib\package_bgs\lb</Filter>
    </ClInclude>
    <ClInclude Include="bgslibrary_lib\package_bgs\lb\BGModelGauss.h">
      <Filter>Source Files\bgslibrary_lib\package_bgs\lb</Filter>
    </ClInclude>
    <ClInclude Include="bgslibrary_lib\package_bgs\lb\BGModelMog.h">
      <Filter>Source Files\bgslibrary_lib\package_bgs\lb</Filter>
    </ClInclude>
    <ClInclude Include="bgslibrary_lib\package_bgs\lb\BGModelSom.h">
      <Filter>Source Files\bgslibrary_lib\package_bgs\lb</Filter>
    </ClInclude>
    <ClInclude Include="bgslibrary_lib\package_bgs\lb\LBAdaptiveSOM.h">
      <Filter>Source Files\bgslibrary_lib\package_bgs\lb</Filter>
    </ClInclude>
    <ClInclude Include="bgslibrary_lib\package_bgs\lb\LBFuzzyAdaptiveSOM.h">
      <Filter>Source Files\bgslibrary_lib\package_bgs\lb</Filter>
    </ClInclude>
    <ClInclude Include="bgslibrary_lib\package_bgs\lb\LBFuzzyGaussian.h">
      <Filter>Source Files\bgslibrary_lib\package_bgs\lb</Filter>
    </ClInclude>
    <ClInclude Include="bgslibrary_lib\package_bgs\lb\LBMixtureOfGaussians.h">
      <Filter>Source Files\bgslibrary_lib\package_bgs\lb</Filter>
    </ClInclude>
    <ClInclude Include="bgslibrary_lib\package_bgs\lb\LBSimpleGaussian.h">
      <Filter>Source Files\bgslibrary_lib\package_bgs\lb</Filter>
    </ClInclude>
    <ClInclude Include="bgslibrary_lib\package_bgs\lb\Types.h">
      <Filter>Source Files\bgslibrary_lib\package_bgs\lb</Filter>
    </ClInclude>
    <ClInclude Include="bgslibrary_lib\package_bgs\tb\FuzzyChoquetIntegral.h">
      <Filter>Source Files\bgslibrary_lib\package_bgs\tb</Filter>
    </ClInclude>
    <ClInclude Include="bgslibrary_lib\package_bgs\tb\FuzzySugenoIntegral.h">
      <Filter>Source Files\bgslibrary_lib\package_bgs\tb</Filter>
    </ClInclude>
    <ClInclude Include="bgslibrary_lib\package_bgs\tb\FuzzyUtils.h">
      <Filter>Source Files\bgslibrary_lib\package_bgs\tb</Filter>
    </ClInclude>
    <ClInclude Include="bgslibrary_lib\package_bgs\tb\MRF.h">
      <Filter>Source Files\bgslibrary_lib\package_bgs\tb</Filter>
    </ClInclude>
    <ClInclude Include="bgslibrary_lib\package_bgs\tb\PerformanceUtils.h">
      <Filter>Source Files\bgslibrary_lib\package_bgs\tb</Filter>
    </ClInclude>
    <ClInclude Include="bgslibrary_lib\package_bgs\tb\PixelUtils.h">
      <Filter>Source Files\bgslibrary_lib\package_bgs\tb</Filter>
    </ClInclude>
    <ClInclude Include="bgslibrary_lib\package_bgs\tb\T2FGMM.h">
      <Filter>Source Files\bgslibrary_lib\package_bgs\tb</Filter>
    </ClInclude>
    <ClInclude Include="bgslibrary_lib\package_bgs\tb\T2FGMM_UM.h">
      <Filter>Source Files\bgslibrary_lib\package_bgs\tb</Filter>
    </ClInclude>
    <ClInclude Include="bgslibrary_lib\package_bgs\tb\T2FGMM_UV.h">
      <Filter>Source Files\bgslibrary_lib\package_bgs\tb</Filter>
    </ClInclude>
    <ClInclude Include="bgslibrary_lib\package_bgs\tb\T2FMRF.h">
      <Filter>Source Files\bgslibrary_lib\package_bgs\tb</Filter>
    </ClInclude>
    <ClInclude Include="bgslibrary_lib\package_bgs\tb\T2FMRF_UM.h">
      <Filter>Source Files\bgslibrary_lib\package_bgs\tb</Filter>
    </ClInclude>
    <ClInclude Include="bgslibrary_lib\package_bgs\tb\T2FMRF_UV.h">
      <Filter>Source Files\bgslibrary_lib\package_bgs\tb</Filter>
    </ClInclude>
    <ClInclude Include="bgslibrary_lib\package_bgs\ae\KDE.h">
      <Filter>Source Files\bgslibrary_lib\package_bgs\ae</Filter>
    </ClInclude>
    <ClInclude Include="bgslibrary_lib\package_bgs\ae\KernelTable.h">
      <Filter>Source Files\bgslibrary_lib\package_bgs\ae</Filter>
    </ClInclude>
    <ClInclude Include="bgslibrary_lib\package_bgs\ae\NPBGmodel.h">
      <Filter>Source Files\bgslibrary_lib\package_bgs\ae</Filter>
    </ClInclude>
    <ClInclude Include="bgslibrary_lib\package_bgs\ae\NPBGSubtractor.h">
      <Filter>Source Files\bgslibrary_lib\package_bgs\ae</Filter>
    </ClInclude>
    <ClInclude Include="bgslibrary_lib\package_bgs\av\TBackground.h">
      <Filter>Source Files\bgslibrary_lib\package_bgs\av</Filter>
    </ClInclude>
    <ClInclude Include="bgslibrary_lib\package_bgs\av\TBackgroundVuMeter.h">
      <Filter>Source Files\bgslibrary_lib\package_bgs\av</Filter>
    </ClInclude>
    <ClInclude Include="bgslibrary_lib\package_bgs\av\VuMeter.h">
      <Filter>Source Files\bgslibrary_lib\package_bgs\av</Filter>
    </ClInclude>
    <ClInclude Include="bgslibrary_lib\package_bgs\bl\sdLaMa091.h">
      <Filter>Source Files\bgslibrary_lib\package_bgs\bl</Filter>
    </ClInclude>
    <ClInclude Include="bgslibrary_lib\package_bgs\bl\SigmaDeltaBGS.h">
      <Filter>Source Files\bgslibrary_lib\package_bgs\bl</Filter>
    </ClInclude>
    <ClInclude Include="bgslibrary_lib\package_bgs\bl\stdbool.h">
      <Filter>Source Files\bgslibrary_lib\package_bgs\bl</Filter>
    </ClInclude>
    <ClInclude Include="bgslibrary_lib\package_bgs\ck\block.h">
      <Filter>Source Files\bgslibrary_lib\package_bgs\ck</Filter>
    </ClInclude>
    <ClInclude Include="bgslibrary_lib\package_bgs\ck\graph.h">
      <Filter>Source Files\bgslibrary_lib\package_bgs\ck</Filter>
    </ClInclude>
    <ClInclude Include="bgslibrary_lib\package_bgs\ck\LbpMrf.h">
      <Filter>Source Files\bgslibrary_lib\package_bgs\ck</Filter>
    </ClInclude>
    <ClInclude Include="bgslibrary_lib\package_bgs\ck\MEDefs.hpp">
      <Filter>Source Files\bgslibrary_lib\package_bgs\ck</Filter>
    </ClInclude>
    <ClInclude Include="bgslibrary_lib\package_bgs\ck\MEHistogram.hpp">
      <Filter>Source Files\bgslibrary_lib\package_bgs\ck</Filter>
    </ClInclude>
    <ClInclude Include="bgslibrary_lib\package_bgs\ck\MEImage.hpp">
      <Filter>Source Files\bgslibrary_lib\package_bgs\ck</Filter>
    </ClInclude>
    <ClInclude Include="bgslibrary_lib\package_bgs\ck\MotionDetection.hpp">
      <Filter>Source Files\bgslibrary_lib\package_bgs\ck</Filter>
    </ClInclude>
    <ClInclude Include="bgslibrary_lib\package_bgs\db\imbs.hpp">
      <Filter>Source Files\bgslibrary_lib\package_bgs\db</Filter>
    </ClInclude>
    <ClInclude Include="bgslibrary_lib\package_bgs\db\IndependentMultimodalBGS.h">
      <Filter>Source Files\bgslibrary_lib\package_bgs\db</Filter>
    </ClInclude>
    <ClInclude Include="bgslibrary_lib\package_bgs\my\MyBGS.h">
      <Filter>Source Files\bgslibrary_lib\package_bgs\my</Filter>
    </ClInclude>
    <ClInclude Include="bgslibrary_lib\package_bgs\pl\BackgroundSubtractorLBSP.h">
      <Filter>Source Files\bgslibrary_lib\package_bgs\pl</Filter>
    </ClInclude>
    <ClInclude Include="bgslibrary_lib\package_bgs\pl\BackgroundSubtractorLOBSTER.h">
      <Filter>Source Files\bgslibrary_lib\package_bgs\pl</Filter>
    </ClInclude>
    <ClInclude Include="bgslibrary_lib\package_bgs\pl\BackgroundSubtractorSuBSENSE.h">
      <Filter>Source Files\bgslibrary_lib\package_bgs\pl</Filter>
    </ClInclude>
    <ClInclude Include="bgslibrary_lib\package_bgs\pl\DistanceUtils.h">
      <Filter>Source Files\bgslibrary_lib\package_bgs\pl</Filter>
    </ClInclude>
    <ClInclude Include="bgslibrary_lib\package_bgs\pl\LBSP.h">
      <Filter>Source Files\bgslibrary_lib\package_bgs\pl</Filter>
    </ClInclude>
    <ClInclude Include="bgslibrary_lib\package_bgs\pl\LOBSTER.h">
      <Filter>Source Files\bgslibrary_lib\package_bgs\pl</Filter>
    </ClInclude>
    <ClInclude Include="bgslibrary_lib\package_bgs\pl\RandUtils.h">
      <Filter>Source Files\bgslibrary_lib\package_bgs\pl</Filter>
    </ClInclude>
    <ClInclude Include="bgslibrary_lib\package_bgs\pl\SuBSENSE.h">
      <Filter>Source Files\bgslibrary_lib\package_bgs\pl</Filter>
    </ClInclude>
    <ClInclude Include="bgslibrary_lib\package_bgs\sjn\SJN_MultiCueBGS.h">
      <Filter>Source Files\bgslibrary_lib\package_bgs\sjn</Filter>
    </ClInclude>
    <ClInclude Include="bgslibrary_lib\package_bgs\AdaptiveBackgroundLearning.h">
      <Filter>Source Files\bgslibrary_lib\package_bgs</Filter>
    </ClInclude>
    <ClInclude Include="bgslibrary_lib\package_bgs\AdaptiveSelectiveBackgroundLearning.h">
      <Filter>Source Files\bgslibrary_lib\package_bgs</Filter>
    </ClInclude>
    <ClInclude Include="bgslibrary_lib\package_bgs\FrameDifferenceBGS.h">
      <Filter>Source Files\bgslibrary_lib\package_bgs</Filter>
    </ClInclude>
    <ClInclude Include="bgslibrary_lib\package_bgs\GMG.h">
      <Filter>Source Files\bgslibrary_lib\package_bgs</Filter>
    </ClInclude>
    <ClInclude Include="bgslibrary_lib\package_bgs\IBGS.h">
      <Filter>Source Files\bgslibrary_lib\package_bgs</Filter>
    </ClInclude>
    <ClInclude Include="bgslibrary_lib\package_bgs\MixtureOfGaussianV1BGS.h">
      <Filter>Source Files\bgslibrary_lib\package_bgs</Filter>
    </ClInclude>
    <ClInclude Include="bgslibrary_lib\package_bgs\MixtureOfGaussianV2BGS.h">
      <Filter>Source Files\bgslibrary_lib\package_bgs</Filter>
    </ClInclude>
    <ClInclude Include="bgslibrary_lib\package_bgs\StaticFrameDifferenceBGS.h">
      <Filter>Source Files\bgslibrary_lib\package_bgs</Filter>
    </ClInclude>
    <ClInclude Include="bgslibrary_lib\package_bgs\WeightedMovingMeanBGS.h">
      <Filter>Source Files\bgslibrary_lib\package_bgs</Filter>
    </ClInclude>
    <ClInclude Include="bgslibrary_lib\package_bgs\WeightedMovingVarianceBGS.h">
      <Filter>Source Files\bgslibrary_lib\package_bgs</Filter>
    </ClInclude>
    <ClInclude Include="bgslibrary_lib\package_bgs\dp\AdaptiveMedianBGS.h">
      <Filter>Source Files\bgslibrary_lib\package_bgs\dp</Filter>
    </ClInclude>
    <ClInclude Include="bgslibrary_lib\package_bgs\dp\Bgs.h">
      <Filter>Source Files\bgslibrary_lib\package_bgs\dp</Filter>
    </ClInclude>
    <ClInclude Include="bgslibrary_lib\package_bgs\dp\BgsParams.h">
      <Filter>Source Files\bgslibrary_lib\package_bgs\dp</Filter>
    </ClInclude>
    <ClInclude Include="bgslibrary_lib\package_bgs\dp\DPAdaptiveMedianBGS.h">
      <Filter>Source Files\bgslibrary_lib\package_bgs\dp</Filter>
    </ClInclude>
    <ClInclude Include="bgslibrary_lib\package_bgs\dp\DPEigenbackgroundBGS.h">
      <Filter>Source Files\bgslibrary_lib\package_bgs\dp</Filter>
    </ClInclude>
    <ClInclude Include="bgslibrary_lib\package_bgs\dp\DPGrimsonGMMBGS.h">
      <Filter>Source Files\bgslibrary_lib\package_bgs\dp</Filter>
    </ClInclude>
    <ClInclude Include="bgslibrary_lib\package_bgs\dp\DPMeanBGS.h">
      <Filter>Source Files\bgslibrary_lib\package_bgs\dp</Filter>
    </ClInclude>
    <ClInclude Include="bgslibrary_lib\package_bgs\dp\DPPratiMediodBGS.h">
      <Filter>Source Files\bgslibrary_lib\package_bgs\dp</Filter>
    </ClInclude>
    <ClInclude Include="bgslibrary_lib\package_bgs\dp\DPTextureBGS.h">
      <Filter>Source Files\bgslibrary_lib\package_bgs\dp</Filter>
    </ClInclude>
    <ClInclude Include="bgslibrary_lib\package_bgs\dp\DPWrenGABGS.h">
      <Filter>Source Files\bgslibrary_lib\package_bgs\dp</Filter>
    </ClInclude>
    <ClInclude Include="bgslibrary_lib\package_bgs\dp\DPZivkovicAGMMBGS.h">
      <Filter>Source Files\bgslibrary_lib\package_bgs\dp</Filter>
    </ClInclude>
    <ClInclude Include="bgslibrary_lib\package_bgs\dp\Eigenbackground.h">
      <Filter>Source Files\bgslibrary_lib\package_bgs\dp</Filter>
    </ClInclude>
    <ClInclude Include="bgslibrary_lib\package_bgs\dp\Error.h">
      <Filter>Source Files\bgslibrary_lib\package_bgs\dp</Filter>
    </ClInclude>
    <ClInclude Include="bgslibrary_lib\package_bgs\dp\GrimsonGMM.h">
      <Filter>Source Files\bgslibrary_lib\package_bgs\dp</Filter>
    </ClInclude>
    <ClInclude Include="bgslibrary_lib\package_bgs\dp\Image.h">
      <Filter>Source Files\bgslibrary_lib\package_bgs\dp</Filter>
    </ClInclude>
    <ClInclude Include="bgslibrary_lib\package_bgs\dp\MeanBGS.h">
      <Filter>Source Files\bgslibrary_lib\package_bgs\dp</Filter>
    </ClInclude>
    <ClInclude Include="bgslibrary_lib\package_bgs\dp\PratiMediodBGS.h">
      <Filter>Source Files\bgslibrary_lib\package_bgs\dp</Filter>
    </ClInclude>
    <ClInclude Include="bgslibrary_lib\package_bgs\dp\TextureBGS.h">
      <Filter>Source Files\bgslibrary_lib\package_bgs\dp</Filter>
    </ClInclude>
    <ClInclude Include="bgslibrary_lib\package_bgs\dp\WrenGA.h">
      <Filter>Source Files\bgslibrary_lib\package_bgs\dp</Filter>
    </ClInclude>
    <ClInclude Include="bgslibrary_lib\package_bgs\dp\ZivkovicAGMM.h">
      <Filter>Source Files\bgslibrary_lib\package_bgs\dp</Filter>
    </ClInclude>
  </ItemGroup>
  <ItemGroup>
    <ClCompile Include="main.cpp">
      <Filter>Source Files</Filter>
    </ClCompile>
    <ClCompile Include="bgscollection_lib\bskde.cpp">
      <Filter>Source Files\bgscollection_lib</Filter>
    </ClCompile>
    <ClCompile Include="bgscollection_lib\sobs.cpp">
      <Filter>Source Files\bgscollection_lib</Filter>
    </ClCompile>
    <ClCompile Include="bgslibrary\bgslibrary_main.cpp">
      <Filter>Source Files\bgslibrary</Filter>
    </ClCompile>
    <ClCompile Include="bgscollection\bgscollection_main.cpp">
      <Filter>Source Files\bgscollection</Filter>
    </ClCompile>
    <ClCompile Include="library_autolinking.cpp">
      <Filter>Source Files</Filter>
    </ClCompile>
    <ClCompile Include="bgslibrary_lib\package_bgs\jmo\blob.cpp">
      <Filter>Source Files\bgslibrary_lib\package_bgs\jmo</Filter>
    </ClCompile>
    <ClCompile Include="bgslibrary_lib\package_bgs\jmo\BlobExtraction.cpp">
      <Filter>Source Files\bgslibrary_lib\package_bgs\jmo</Filter>
    </ClCompile>
    <ClCompile Include="bgslibrary_lib\package_bgs\jmo\BlobResult.cpp">
      <Filter>Source Files\bgslibrary_lib\package_bgs\jmo</Filter>
    </ClCompile>
    <ClCompile Include="bgslibrary_lib\package_bgs\jmo\CMultiLayerBGS.cpp">
      <Filter>Source Files\bgslibrary_lib\package_bgs\jmo</Filter>
    </ClCompile>
    <ClCompile Include="bgslibrary_lib\package_bgs\jmo\LocalBinaryPattern.cpp">
      <Filter>Source Files\bgslibrary_lib\package_bgs\jmo</Filter>
    </ClCompile>
    <ClCompile Include="bgslibrary_lib\package_bgs\jmo\MultiLayerBGS.cpp">
      <Filter>Source Files\bgslibrary_lib\package_bgs\jmo</Filter>
    </ClCompile>
    <ClCompile Include="bgslibrary_lib\package_bgs\lb\BGModel.cpp">
      <Filter>Source Files\bgslibrary_lib\package_bgs\lb</Filter>
    </ClCompile>
    <ClCompile Include="bgslibrary_lib\package_bgs\lb\BGModelFuzzyGauss.cpp">
      <Filter>Source Files\bgslibrary_lib\package_bgs\lb</Filter>
    </ClCompile>
    <ClCompile Include="bgslibrary_lib\package_bgs\lb\BGModelFuzzySom.cpp">
      <Filter>Source Files\bgslibrary_lib\package_bgs\lb</Filter>
    </ClCompile>
    <ClCompile Include="bgslibrary_lib\package_bgs\lb\BGModelGauss.cpp">
      <Filter>Source Files\bgslibrary_lib\package_bgs\lb</Filter>
    </ClCompile>
    <ClCompile Include="bgslibrary_lib\package_bgs\lb\BGModelMog.cpp">
      <Filter>Source Files\bgslibrary_lib\package_bgs\lb</Filter>
    </ClCompile>
    <ClCompile Include="bgslibrary_lib\package_bgs\lb\BGModelSom.cpp">
      <Filter>Source Files\bgslibrary_lib\package_bgs\lb</Filter>
    </ClCompile>
    <ClCompile Include="bgslibrary_lib\package_bgs\lb\LBAdaptiveSOM.cpp">
      <Filter>Source Files\bgslibrary_lib\package_bgs\lb</Filter>
    </ClCompile>
    <ClCompile Include="bgslibrary_lib\package_bgs\lb\LBFuzzyAdaptiveSOM.cpp">
      <Filter>Source Files\bgslibrary_lib\package_bgs\lb</Filter>
    </ClCompile>
    <ClCompile Include="bgslibrary_lib\package_bgs\lb\LBFuzzyGaussian.cpp">
      <Filter>Source Files\bgslibrary_lib\package_bgs\lb</Filter>
    </ClCompile>
    <ClCompile Include="bgslibrary_lib\package_bgs\lb\LBMixtureOfGaussians.cpp">
      <Filter>Source Files\bgslibrary_lib\package_bgs\lb</Filter>
    </ClCompile>
    <ClCompile Include="bgslibrary_lib\package_bgs\lb\LBSimpleGaussian.cpp">
      <Filter>Source Files\bgslibrary_lib\package_bgs\lb</Filter>
    </ClCompile>
    <ClCompile Include="bgslibrary_lib\package_bgs\tb\FuzzyChoquetIntegral.cpp">
      <Filter>Source Files\bgslibrary_lib\package_bgs\tb</Filter>
    </ClCompile>
    <ClCompile Include="bgslibrary_lib\package_bgs\tb\FuzzySugenoIntegral.cpp">
      <Filter>Source Files\bgslibrary_lib\package_bgs\tb</Filter>
    </ClCompile>
    <ClCompile Include="bgslibrary_lib\package_bgs\tb\FuzzyUtils.cpp">
      <Filter>Source Files\bgslibrary_lib\package_bgs\tb</Filter>
    </ClCompile>
    <ClCompile Include="bgslibrary_lib\package_bgs\tb\MRF.cpp">
      <Filter>Source Files\bgslibrary_lib\package_bgs\tb</Filter>
    </ClCompile>
    <ClCompile Include="bgslibrary_lib\package_bgs\tb\PerformanceUtils.cpp">
      <Filter>Source Files\bgslibrary_lib\package_bgs\tb</Filter>
    </ClCompile>
    <ClCompile Include="bgslibrary_lib\package_bgs\tb\PixelUtils.cpp">
      <Filter>Source Files\bgslibrary_lib\package_bgs\tb</Filter>
    </ClCompile>
    <ClCompile Include="bgslibrary_lib\package_bgs\tb\T2FGMM.cpp">
      <Filter>Source Files\bgslibrary_lib\package_bgs\tb</Filter>
    </ClCompile>
    <ClCompile Include="bgslibrary_lib\package_bgs\tb\T2FGMM_UM.cpp">
      <Filter>Source Files\bgslibrary_lib\package_bgs\tb</Filter>
    </ClCompile>
    <ClCompile Include="bgslibrary_lib\package_bgs\tb\T2FGMM_UV.cpp">
      <Filter>Source Files\bgslibrary_lib\package_bgs\tb</Filter>
    </ClCompile>
    <ClCompile Include="bgslibrary_lib\package_bgs\tb\T2FMRF.cpp">
      <Filter>Source Files\bgslibrary_lib\package_bgs\tb</Filter>
    </ClCompile>
    <ClCompile Include="bgslibrary_lib\package_bgs\tb\T2FMRF_UM.cpp">
      <Filter>Source Files\bgslibrary_lib\package_bgs\tb</Filter>
    </ClCompile>
    <ClCompile Include="bgslibrary_lib\package_bgs\tb\T2FMRF_UV.cpp">
      <Filter>Source Files\bgslibrary_lib\package_bgs\tb</Filter>
    </ClCompile>
    <ClCompile Include="bgslibrary_lib\package_bgs\ae\KDE.cpp">
      <Filter>Source Files\bgslibrary_lib\package_bgs\ae</Filter>
    </ClCompile>
    <ClCompile Include="bgslibrary_lib\package_bgs\ae\KernelTable.cpp">
      <Filter>Source Files\bgslibrary_lib\package_bgs\ae</Filter>
    </ClCompile>
    <ClCompile Include="bgslibrary_lib\package_bgs\ae\NPBGmodel.cpp">
      <Filter>Source Files\bgslibrary_lib\package_bgs\ae</Filter>
    </ClCompile>
    <ClCompile Include="bgslibrary_lib\package_bgs\ae\NPBGSubtractor.cpp">
      <Filter>Source Files\bgslibrary_lib\package_bgs\ae</Filter>
    </ClCompile>
    <ClCompile Include="bgslibrary_lib\package_bgs\av\TBackground.cpp">
      <Filter>Source Files\bgslibrary_lib\package_bgs\av</Filter>
    </ClCompile>
    <ClCompile Include="bgslibrary_lib\package_bgs\av\TBackgroundVuMeter.cpp">
      <Filter>Source Files\bgslibrary_lib\package_bgs\av</Filter>
    </ClCompile>
    <ClCompile Include="bgslibrary_lib\package_bgs\av\VuMeter.cpp">
      <Filter>Source Files\bgslibrary_lib\package_bgs\av</Filter>
    </ClCompile>
    <ClCompile Include="bgslibrary_lib\package_bgs\bl\sdLaMa091.cpp">
      <Filter>Source Files\bgslibrary_lib\package_bgs\bl</Filter>
    </ClCompile>
    <ClCompile Include="bgslibrary_lib\package_bgs\bl\SigmaDeltaBGS.cpp">
      <Filter>Source Files\bgslibrary_lib\package_bgs\bl</Filter>
    </ClCompile>
    <ClCompile Include="bgslibrary_lib\package_bgs\ck\graph.cpp">
      <Filter>Source Files\bgslibrary_lib\package_bgs\ck</Filter>
    </ClCompile>
    <ClCompile Include="bgslibrary_lib\package_bgs\ck\LbpMrf.cpp">
      <Filter>Source Files\bgslibrary_lib\package_bgs\ck</Filter>
    </ClCompile>
    <ClCompile Include="bgslibrary_lib\package_bgs\ck\maxflow.cpp">
      <Filter>Source Files\bgslibrary_lib\package_bgs\ck</Filter>
    </ClCompile>
    <ClCompile Include="bgslibrary_lib\package_bgs\ck\MEDefs.cpp">
      <Filter>Source Files\bgslibrary_lib\package_bgs\ck</Filter>
    </ClCompile>
    <ClCompile Include="bgslibrary_lib\package_bgs\ck\MEHistogram.cpp">
      <Filter>Source Files\bgslibrary_lib\package_bgs\ck</Filter>
    </ClCompile>
    <ClCompile Include="bgslibrary_lib\package_bgs\ck\MEImage.cpp">
      <Filter>Source Files\bgslibrary_lib\package_bgs\ck</Filter>
    </ClCompile>
    <ClCompile Include="bgslibrary_lib\package_bgs\ck\MotionDetection.cpp">
      <Filter>Source Files\bgslibrary_lib\package_bgs\ck</Filter>
    </ClCompile>
    <ClCompile Include="bgslibrary_lib\package_bgs\db\imbs.cpp">
      <Filter>Source Files\bgslibrary_lib\package_bgs\db</Filter>
    </ClCompile>
    <ClCompile Include="bgslibrary_lib\package_bgs\db\IndependentMultimodalBGS.cpp">
      <Filter>Source Files\bgslibrary_lib\package_bgs\db</Filter>
    </ClCompile>
    <ClCompile Include="bgslibrary_lib\package_bgs\my\MyBGS.cpp">
      <Filter>Source Files\bgslibrary_lib\package_bgs\my</Filter>
    </ClCompile>
    <ClCompile Include="bgslibrary_lib\package_bgs\pl\BackgroundSubtractorLBSP.cpp">
      <Filter>Source Files\bgslibrary_lib\package_bgs\pl</Filter>
    </ClCompile>
    <ClCompile Include="bgslibrary_lib\package_bgs\pl\BackgroundSubtractorLOBSTER.cpp">
      <Filter>Source Files\bgslibrary_lib\package_bgs\pl</Filter>
    </ClCompile>
    <ClCompile Include="bgslibrary_lib\package_bgs\pl\BackgroundSubtractorSuBSENSE.cpp">
      <Filter>Source Files\bgslibrary_lib\package_bgs\pl</Filter>
    </ClCompile>
    <ClCompile Include="bgslibrary_lib\package_bgs\pl\LBSP.cpp">
      <Filter>Source Files\bgslibrary_lib\package_bgs\pl</Filter>
    </ClCompile>
    <ClCompile Include="bgslibrary_lib\package_bgs\pl\LOBSTER.cpp">
      <Filter>Source Files\bgslibrary_lib\package_bgs\pl</Filter>
    </ClCompile>
    <ClCompile Include="bgslibrary_lib\package_bgs\pl\SuBSENSE.cpp">
      <Filter>Source Files\bgslibrary_lib\package_bgs\pl</Filter>
    </ClCompile>
    <ClCompile Include="bgslibrary_lib\package_bgs\sjn\SJN_MultiCueBGS.cpp">
      <Filter>Source Files\bgslibrary_lib\package_bgs\sjn</Filter>
    </ClCompile>
    <ClCompile Include="bgslibrary_lib\package_bgs\AdaptiveBackgroundLearning.cpp">
      <Filter>Source Files\bgslibrary_lib\package_bgs</Filter>
    </ClCompile>
    <ClCompile Include="bgslibrary_lib\package_bgs\AdaptiveSelectiveBackgroundLearning.cpp">
      <Filter>Source Files\bgslibrary_lib\package_bgs</Filter>
    </ClCompile>
    <ClCompile Include="bgslibrary_lib\package_bgs\FrameDifferenceBGS.cpp">
      <Filter>Source Files\bgslibrary_lib\package_bgs</Filter>
    </ClCompile>
    <ClCompile Include="bgslibrary_lib\package_bgs\GMG.cpp">
      <Filter>Source Files\bgslibrary_lib\package_bgs</Filter>
    </ClCompile>
    <ClCompile Include="bgslibrary_lib\package_bgs\MixtureOfGaussianV1BGS.cpp">
      <Filter>Source Files\bgslibrary_lib\package_bgs</Filter>
    </ClCompile>
    <ClCompile Include="bgslibrary_lib\package_bgs\MixtureOfGaussianV2BGS.cpp">
      <Filter>Source Files\bgslibrary_lib\package_bgs</Filter>
    </ClCompile>
    <ClCompile Include="bgslibrary_lib\package_bgs\StaticFrameDifferenceBGS.cpp">
      <Filter>Source Files\bgslibrary_lib\package_bgs</Filter>
    </ClCompile>
    <ClCompile Include="bgslibrary_lib\package_bgs\WeightedMovingMeanBGS.cpp">
      <Filter>Source Files\bgslibrary_lib\package_bgs</Filter>
    </ClCompile>
    <ClCompile Include="bgslibrary_lib\package_bgs\WeightedMovingVarianceBGS.cpp">
      <Filter>Source Files\bgslibrary_lib\package_bgs</Filter>
    </ClCompile>
    <ClCompile Include="bgslibrary_lib\package_bgs\dp\AdaptiveMedianBGS.cpp">
      <Filter>Source Files\bgslibrary_lib\package_bgs\dp</Filter>
    </ClCompile>
    <ClCompile Include="bgslibrary_lib\package_bgs\dp\DPAdaptiveMedianBGS.cpp">
      <Filter>Source Files\bgslibrary_lib\package_bgs\dp</Filter>
    </ClCompile>
    <ClCompile Include="bgslibrary_lib\package_bgs\dp\DPEigenbackgroundBGS.cpp">
      <Filter>Source Files\bgslibrary_lib\package_bgs\dp</Filter>
    </ClCompile>
    <ClCompile Include="bgslibrary_lib\package_bgs\dp\DPGrimsonGMMBGS.cpp">
      <Filter>Source Files\bgslibrary_lib\package_bgs\dp</Filter>
    </ClCompile>
    <ClCompile Include="bgslibrary_lib\package_bgs\dp\DPMeanBGS.cpp">
      <Filter>Source Files\bgslibrary_lib\package_bgs\dp</Filter>
    </ClCompile>
    <ClCompile Include="bgslibrary_lib\package_bgs\dp\DPPratiMediodBGS.cpp">
      <Filter>Source Files\bgslibrary_lib\package_bgs\dp</Filter>
    </ClCompile>
    <ClCompile Include="bgslibrary_lib\package_bgs\dp\DPTextureBGS.cpp">
      <Filter>Source Files\bgslibrary_lib\package_bgs\dp</Filter>
    </ClCompile>
    <ClCompile Include="bgslibrary_lib\package_bgs\dp\DPWrenGABGS.cpp">
      <Filter>Source Files\bgslibrary_lib\package_bgs\dp</Filter>
    </ClCompile>
    <ClCompile Include="bgslibrary_lib\package_bgs\dp\DPZivkovicAGMMBGS.cpp">
      <Filter>Source Files\bgslibrary_lib\package_bgs\dp</Filter>
    </ClCompile>
    <ClCompile Include="bgslibrary_lib\package_bgs\dp\Eigenbackground.cpp">
      <Filter>Source Files\bgslibrary_lib\package_bgs\dp</Filter>
    </ClCompile>
    <ClCompile Include="bgslibrary_lib\package_bgs\dp\Error.cpp">
      <Filter>Source Files\bgslibrary_lib\package_bgs\dp</Filter>
    </ClCompile>
    <ClCompile Include="bgslibrary_lib\package_bgs\dp\GrimsonGMM.cpp">
      <Filter>Source Files\bgslibrary_lib\package_bgs\dp</Filter>
    </ClCompile>
    <ClCompile Include="bgslibrary_lib\package_bgs\dp\Image.cpp">
      <Filter>Source Files\bgslibrary_lib\package_bgs\dp</Filter>
    </ClCompile>
    <ClCompile Include="bgslibrary_lib\package_bgs\dp\MeanBGS.cpp">
      <Filter>Source Files\bgslibrary_lib\package_bgs\dp</Filter>
    </ClCompile>
    <ClCompile Include="bgslibrary_lib\package_bgs\dp\PratiMediodBGS.cpp">
      <Filter>Source Files\bgslibrary_lib\package_bgs\dp</Filter>
    </ClCompile>
    <ClCompile Include="bgslibrary_lib\package_bgs\dp\TextureBGS.cpp">
      <Filter>Source Files\bgslibrary_lib\package_bgs\dp</Filter>
    </ClCompile>
    <ClCompile Include="bgslibrary_lib\package_bgs\dp\WrenGA.cpp">
      <Filter>Source Files\bgslibrary_lib\package_bgs\dp</Filter>
    </ClCompile>
    <ClCompile Include="bgslibrary_lib\package_bgs\dp\ZivkovicAGMM.cpp">
      <Filter>Source Files\bgslibrary_lib\package_bgs\dp</Filter>
    </ClCompile>
  </ItemGroup>
  <ItemGroup>
    <None Include="bgslibrary_lib\package_bgs\pl\LBSP_16bits_dbcross_1ch.i">
      <Filter>Source Files\bgslibrary_lib\package_bgs\pl</Filter>
    </None>
    <None Include="bgslibrary_lib\package_bgs\pl\LBSP_16bits_dbcross_3ch1t.i">
      <Filter>Source Files\bgslibrary_lib\package_bgs\pl</Filter>
    </None>
    <None Include="bgslibrary_lib\package_bgs\pl\LBSP_16bits_dbcross_3ch3t.i">
      <Filter>Source Files\bgslibrary_lib\package_bgs\pl</Filter>
    </None>
    <None Include="bgslibrary_lib\package_bgs\pl\LBSP_16bits_dbcross_s3ch.i">
      <Filter>Source Files\bgslibrary_lib\package_bgs\pl</Filter>
    </None>
  </ItemGroup>
</Project>