<?xml version="1.0" encoding="utf-8"?>
<Project ToolsVersion="4.0" xmlns="http://schemas.microsoft.com/developer/msbuild/2003">
  <ItemGroup>
    <Filter Include="Source Files">
      <UniqueIdentifier>{4FC737F1-C7A5-4376-A066-2A32D752A2FF}</UniqueIdentifier>
      <Extensions>cpp;c;cc;cxx;def;odl;idl;hpj;bat;asm;asmx</Extensions>
    </Filter>
    <Filter Include="Header Files">
      <UniqueIdentifier>{93995380-89BD-4b04-88EB-625FBE52EBFB}</UniqueIdentifier>
      <Extensions>h;hpp;hxx;hm;inl;inc;xsd</Extensions>
    </Filter>
    <Filter Include="Resource Files">
      <UniqueIdentifier>{67DA6AB6-F800-4c08-8B7A-83BB121AAD01}</UniqueIdentifier>
      <Extensions>rc;ico;cur;bmp;dlg;rc2;rct;bin;rgs;gif;jpg;jpeg;jpe;resx;tiff;tif;png;wav;mfcribbon-ms</Extensions>
    </Filter>
    <Filter Include="Source Files\opentld">
      <UniqueIdentifier>{66c6b02a-30a7-46f4-b8ef-9cfc411c9c5f}</UniqueIdentifier>
    </Filter>
    <Filter Include="Source Files\klt">
      <UniqueIdentifier>{d9428c79-d297-4ed6-ac39-377618ee6eb4}</UniqueIdentifier>
    </Filter>
    <Filter Include="Source Files\klt_lib">
      <UniqueIdentifier>{e731ee39-f2ec-4977-abf9-220b179b6bb1}</UniqueIdentifier>
    </Filter>
    <Filter Include="Source Files\particle_filter_object_tracking_lib">
      <UniqueIdentifier>{3bdaade6-720e-41af-b0df-e760db50e9e4}</UniqueIdentifier>
    </Filter>
    <Filter Include="Source Files\particle_filter_object_tracking">
      <UniqueIdentifier>{78d0fc2e-7298-4663-823d-98a89282c65b}</UniqueIdentifier>
    </Filter>
    <Filter Include="Source Files\mht">
      <UniqueIdentifier>{28bc85d9-9539-46f5-bbe1-678866fd977c}</UniqueIdentifier>
    </Filter>
  </ItemGroup>
  <ItemGroup>
    <None Include="ReadMe.txt" />
  </ItemGroup>
  <ItemGroup>
    <ClInclude Include="stdafx.h">
      <Filter>Header Files</Filter>
    </ClInclude>
    <ClInclude Include="targetver.h">
      <Filter>Header Files</Filter>
    </ClInclude>
    <ClInclude Include="klt_lib\base.h">
      <Filter>Source Files\klt_lib</Filter>
    </ClInclude>
    <ClInclude Include="klt_lib\convolve.h">
      <Filter>Source Files\klt_lib</Filter>
    </ClInclude>
    <ClInclude Include="klt_lib\error.h">
      <Filter>Source Files\klt_lib</Filter>
    </ClInclude>
    <ClInclude Include="klt_lib\klt.h">
      <Filter>Source Files\klt_lib</Filter>
    </ClInclude>
    <ClInclude Include="klt_lib\klt_util.h">
      <Filter>Source Files\klt_lib</Filter>
    </ClInclude>
    <ClInclude Include="klt_lib\pnmio.h">
      <Filter>Source Files\klt_lib</Filter>
    </ClInclude>
    <ClInclude Include="klt_lib\pyramid.h">
      <Filter>Source Files\klt_lib</Filter>
    </ClInclude>
    <ClInclude Include="particle_filter_object_tracking_lib\defs.h">
      <Filter>Source Files\particle_filter_object_tracking_lib</Filter>
    </ClInclude>
    <ClInclude Include="particle_filter_object_tracking_lib\observation.h">
      <Filter>Source Files\particle_filter_object_tracking_lib</Filter>
    </ClInclude>
    <ClInclude Include="particle_filter_object_tracking_lib\particles.h">
      <Filter>Source Files\particle_filter_object_tracking_lib</Filter>
    </ClInclude>
    <ClInclude Include="particle_filter_object_tracking_lib\utils.h">
      <Filter>Source Files\particle_filter_object_tracking_lib</Filter>
    </ClInclude>
  </ItemGroup>
  <ItemGroup>
    <ClCompile Include="stdafx.cpp">
      <Filter>Source Files</Filter>
    </ClCompile>
    <ClCompile Include="library_autolinking.cpp">
      <Filter>Source Files</Filter>
    </ClCompile>
    <ClCompile Include="main.cpp">
      <Filter>Source Files</Filter>
    </ClCompile>
    <ClCompile Include="opentld\opentld_main.cpp">
      <Filter>Source Files\opentld</Filter>
    </ClCompile>
    <ClCompile Include="klt\klt_main.cpp">
      <Filter>Source Files\klt</Filter>
    </ClCompile>
    <ClCompile Include="klt_lib\convolve.c">
      <Filter>Source Files\klt_lib</Filter>
    </ClCompile>
    <ClCompile Include="klt_lib\error.c">
      <Filter>Source Files\klt_lib</Filter>
    </ClCompile>
    <ClCompile Include="klt_lib\klt.c">
      <Filter>Source Files\klt_lib</Filter>
    </ClCompile>
    <ClCompile Include="klt_lib\klt_util.c">
      <Filter>Source Files\klt_lib</Filter>
    </ClCompile>
    <ClCompile Include="klt_lib\pnmio.c">
      <Filter>Source Files\klt_lib</Filter>
    </ClCompile>
    <ClCompile Include="klt_lib\pyramid.c">
      <Filter>Source Files\klt_lib</Filter>
    </ClCompile>
    <ClCompile Include="klt_lib\selectGoodFeatures.c">
      <Filter>Source Files\klt_lib</Filter>
    </ClCompile>
    <ClCompile Include="klt_lib\storeFeatures.c">
      <Filter>Source Files\klt_lib</Filter>
    </ClCompile>
    <ClCompile Include="klt_lib\trackFeatures.c">
      <Filter>Source Files\klt_lib</Filter>
    </ClCompile>
    <ClCompile Include="klt_lib\writeFeatures.c">
      <Filter>Source Files\klt_lib</Filter>
    </ClCompile>
    <ClCompile Include="particle_filter_object_tracking\particle_filter_object_tracking_main.cpp">
      <Filter>Source Files\particle_filter_object_tracking</Filter>
    </ClCompile>
    <ClCompile Include="particle_filter_object_tracking\particle_filter_object_tracking_observe_example.cpp">
      <Filter>Source Files\particle_filter_object_tracking</Filter>
    </ClCompile>
    <ClCompile Include="particle_filter_object_tracking\particle_filter_object_tracking_track_example.cpp">
      <Filter>Source Files\particle_filter_object_tracking</Filter>
    </ClCompile>
    <ClCompile Include="particle_filter_object_tracking_lib\observation.cpp">
      <Filter>Source Files\particle_filter_object_tracking_lib</Filter>
    </ClCompile>
    <ClCompile Include="particle_filter_object_tracking_lib\observe.cpp">
      <Filter>Source Files\particle_filter_object_tracking_lib</Filter>
    </ClCompile>
    <ClCompile Include="particle_filter_object_tracking_lib\particles.cpp">
      <Filter>Source Files\particle_filter_object_tracking_lib</Filter>
    </ClCompile>
    <ClCompile Include="particle_filter_object_tracking_lib\track1.cpp">
      <Filter>Source Files\particle_filter_object_tracking_lib</Filter>
    </ClCompile>
    <ClCompile Include="particle_filter_object_tracking_lib\utils.cpp">
      <Filter>Source Files\particle_filter_object_tracking_lib</Filter>
    </ClCompile>
    <ClCompile Include="mht\mht_main.cpp">
      <Filter>Source Files\mht</Filter>
    </ClCompile>
  </ItemGroup>
</Project>