<?xml version="1.0" encoding="UTF-8" standalone="yes" ?>
<CodeBlocks_project_file>
	<FileVersion major="1" minor="6" />
	<Project>
		<Option title="motion_analysis" />
		<Option pch_mode="2" />
		<Option compiler="gcc" />
		<Build>
			<Target title="Debug">
				<Option output="../../bin/motion_analysis_d" prefix_auto="1" extension_auto="1" />
				<Option working_dir="../../bin/" />
				<Option object_output="obj/Debug/" />
				<Option type="1" />
				<Option compiler="gcc" />
				<Compiler>
					<Add option="-g" />
				</Compiler>
			</Target>
			<Target title="Release">
				<Option output="../../bin/motion_analysis" prefix_auto="1" extension_auto="1" />
				<Option working_dir="../../bin/" />
				<Option object_output="obj/Release/" />
				<Option type="1" />
				<Option compiler="gcc" />
				<Compiler>
					<Add option="-O2" />
				</Compiler>
				<Linker>
					<Add option="-s" />
				</Linker>
			</Target>
		</Build>
		<Compiler>
			<Add option="-Wall" />
			<Add option="-fexceptions" />
			<Add directory="/usr/local/include/opencv" />
			<Add directory="/usr/local/include" />
		</Compiler>
		<Linker>
			<Add library="opentld" />
			<Add library="cvblobs" />
			<Add library="opencv_video" />
			<Add library="opencv_imgproc" />
			<Add library="opencv_highgui" />
			<Add library="opencv_core" />
			<Add library="gsl" />
			<Add library="gslcblas" />
			<Add library="cudart" />
			<Add library="gomp" />
			<Add directory="/usr/local/cuda/lib64" />
			<Add directory="/usr/local/lib" />
			<Add directory="/usr/lib/nvidia-current" />
			<Add directory="/usr/x86_64-linux-gnu" />
		</Linker>
		<Unit filename="klt/klt_main.cpp" />
		<Unit filename="klt_lib/base.h" />
		<Unit filename="klt_lib/convolve.c">
			<Option compilerVar="CC" />
		</Unit>
		<Unit filename="klt_lib/convolve.h" />
		<Unit filename="klt_lib/error.c">
			<Option compilerVar="CC" />
		</Unit>
		<Unit filename="klt_lib/error.h" />
		<Unit filename="klt_lib/klt.c">
			<Option compilerVar="CC" />
		</Unit>
		<Unit filename="klt_lib/klt.h" />
		<Unit filename="klt_lib/klt_util.c">
			<Option compilerVar="CC" />
		</Unit>
		<Unit filename="klt_lib/klt_util.h" />
		<Unit filename="klt_lib/pnmio.c">
			<Option compilerVar="CC" />
		</Unit>
		<Unit filename="klt_lib/pnmio.h" />
		<Unit filename="klt_lib/pyramid.c">
			<Option compilerVar="CC" />
		</Unit>
		<Unit filename="klt_lib/pyramid.h" />
		<Unit filename="klt_lib/selectGoodFeatures.c">
			<Option compilerVar="CC" />
		</Unit>
		<Unit filename="klt_lib/storeFeatures.c">
			<Option compilerVar="CC" />
		</Unit>
		<Unit filename="klt_lib/trackFeatures.c">
			<Option compilerVar="CC" />
		</Unit>
		<Unit filename="klt_lib/writeFeatures.c">
			<Option compilerVar="CC" />
		</Unit>
		<Unit filename="main.cpp" />
		<Unit filename="opentld/opentld_main.cpp" />
		<Unit filename="particle_filter_object_tracking/particle_filter_object_tracking_main.cpp" />
		<Unit filename="particle_filter_object_tracking/particle_filter_object_tracking_observe_example.cpp" />
		<Unit filename="particle_filter_object_tracking/particle_filter_object_tracking_track_example.cpp" />
		<Unit filename="particle_filter_object_tracking_lib/defs.h" />
		<Unit filename="particle_filter_object_tracking_lib/observation.cpp" />
		<Unit filename="particle_filter_object_tracking_lib/observation.h" />
		<Unit filename="particle_filter_object_tracking_lib/observe.cpp">
			<Option compile="0" />
			<Option link="0" />
		</Unit>
		<Unit filename="particle_filter_object_tracking_lib/particles.cpp" />
		<Unit filename="particle_filter_object_tracking_lib/particles.h" />
		<Unit filename="particle_filter_object_tracking_lib/track1.cpp">
			<Option compile="0" />
			<Option link="0" />
		</Unit>
		<Unit filename="particle_filter_object_tracking_lib/utils.cpp" />
		<Unit filename="particle_filter_object_tracking_lib/utils.h" />
		<Extensions>
			<code_completion />
			<debugger />
		</Extensions>
	</Project>
</CodeBlocks_project_file>
