<?xml version="1.0" encoding="utf-8"?>
<Project ToolsVersion="4.0" xmlns="http://schemas.microsoft.com/developer/msbuild/2003">
  <ItemGroup>
    <Filter Include="Source Files">
      <UniqueIdentifier>{4FC737F1-C7A5-4376-A066-2A32D752A2FF}</UniqueIdentifier>
      <Extensions>cpp;c;cc;cxx;def;odl;idl;hpj;bat;asm;asmx</Extensions>
    </Filter>
    <Filter Include="Header Files">
      <UniqueIdentifier>{93995380-89BD-4b04-88EB-625FBE52EBFB}</UniqueIdentifier>
      <Extensions>h;hpp;hxx;hm;inl;inc;xsd</Extensions>
    </Filter>
    <Filter Include="Resource Files">
      <UniqueIdentifier>{67DA6AB6-F800-4c08-8B7A-83BB121AAD01}</UniqueIdentifier>
      <Extensions>rc;ico;cur;bmp;dlg;rc2;rct;bin;rgs;gif;jpg;jpeg;jpe;resx;tiff;tif;png;wav;mfcribbon-ms</Extensions>
    </Filter>
    <Filter Include="Header Files\protobuf">
      <UniqueIdentifier>{30db4717-2127-42fc-ab40-ee6ae79abc66}</UniqueIdentifier>
    </Filter>
    <Filter Include="Source Files\protobuf">
      <UniqueIdentifier>{8c04fe64-b9b7-41fb-b87f-1799f7830d61}</UniqueIdentifier>
    </Filter>
    <Filter Include="Source Files\rapidjson">
      <UniqueIdentifier>{7e050869-d80d-4b08-b4ad-b974d22c3708}</UniqueIdentifier>
    </Filter>
    <Filter Include="Source Files\yaml_cpp">
      <UniqueIdentifier>{3a591ebd-4a70-4f02-b0fe-1fdcae0a74ba}</UniqueIdentifier>
    </Filter>
  </ItemGroup>
  <ItemGroup>
    <None Include="ReadMe.txt" />
  </ItemGroup>
  <ItemGroup>
    <ClInclude Include="stdafx.h">
      <Filter>Header Files</Filter>
    </ClInclude>
    <ClInclude Include="targetver.h">
      <Filter>Header Files</Filter>
    </ClInclude>
    <ClInclude Include="protobuf\protobuf_person.pb.h">
      <Filter>Header Files\protobuf</Filter>
    </ClInclude>
  </ItemGroup>
  <ItemGroup>
    <ClCompile Include="stdafx.cpp">
      <Filter>Source Files</Filter>
    </ClCompile>
    <ClCompile Include="main.cpp">
      <Filter>Source Files</Filter>
    </ClCompile>
    <ClCompile Include="protobuf\protobuf_main.cpp">
      <Filter>Source Files\protobuf</Filter>
    </ClCompile>
    <ClCompile Include="protobuf\protobuf_person.pb.cc">
      <Filter>Source Files\protobuf</Filter>
    </ClCompile>
    <ClCompile Include="protobuf\protobuf_simple_example.cpp">
      <Filter>Source Files\protobuf</Filter>
    </ClCompile>
    <ClCompile Include="library_autolinking.cpp">
      <Filter>Source Files</Filter>
    </ClCompile>
    <ClCompile Include="rapidjson\rapidjson_examples.cpp">
      <Filter>Source Files\rapidjson</Filter>
    </ClCompile>
    <ClCompile Include="rapidjson\rapidjson_main.cpp">
      <Filter>Source Files\rapidjson</Filter>
    </ClCompile>
    <ClCompile Include="yaml_cpp\yaml_cpp_basic_emitting.cpp">
      <Filter>Source Files\yaml_cpp</Filter>
    </ClCompile>
    <ClCompile Include="yaml_cpp\yaml_cpp_basic_parsing.cpp">
      <Filter>Source Files\yaml_cpp</Filter>
    </ClCompile>
    <ClCompile Include="yaml_cpp\yaml_cpp_configuration_example.cpp">
      <Filter>Source Files\yaml_cpp</Filter>
    </ClCompile>
    <ClCompile Include="yaml_cpp\yaml_cpp_example_0_5.cpp">
      <Filter>Source Files\yaml_cpp</Filter>
    </ClCompile>
    <ClCompile Include="yaml_cpp\yaml_cpp_main.cpp">
      <Filter>Source Files\yaml_cpp</Filter>
    </ClCompile>
  </ItemGroup>
</Project>