<?xml version="1.0" encoding="UTF-8" standalone="yes" ?>
<CodeBlocks_project_file>
	<FileVersion major="1" minor="6" />
	<Project>
		<Option title="probabilistic_graphical_model" />
		<Option pch_mode="2" />
		<Option compiler="gcc" />
		<Build>
			<Target title="Debug">
				<Option output="../../bin/" prefix_auto="1" extension_auto="1" />
				<Option working_dir="../../bin/" />
				<Option object_output="obj/Debug/" />
				<Option type="1" />
				<Option compiler="gcc" />
				<Compiler>
					<Add option="-g" />
				</Compiler>
			</Target>
			<Target title="Release">
				<Option output="../../bin/" prefix_auto="1" extension_auto="1" />
				<Option working_dir="../../bin/" />
				<Option object_output="obj/Release/" />
				<Option type="1" />
				<Option compiler="gcc" />
				<Compiler>
					<Add option="-O2" />
				</Compiler>
				<Linker>
					<Add option="-s" />
				</Linker>
			</Target>
		</Build>
		<Compiler>
			<Add option="-Wall" />
			<Add option="-fexceptions" />
			<Add directory="/usr/local/include/mocapy" />
		</Compiler>
		<Linker>
			<Add library="Mocapy" />
			<Add library="lapack" />
			<Add library="boost_serialization" />
		</Linker>
		<Unit filename="bp_vision/bp_vision_main.cpp" />
		<Unit filename="bp_vision_lib/convolve.h" />
		<Unit filename="bp_vision_lib/filter.h" />
		<Unit filename="bp_vision_lib/image.h" />
		<Unit filename="bp_vision_lib/imconv.h" />
		<Unit filename="bp_vision_lib/imutil.h" />
		<Unit filename="bp_vision_lib/misc.h" />
		<Unit filename="bp_vision_lib/noise.cpp">
			<Option compile="0" />
			<Option link="0" />
		</Unit>
		<Unit filename="bp_vision_lib/pnmfile.h" />
		<Unit filename="bp_vision_lib/restore.cpp">
			<Option compile="0" />
			<Option link="0" />
		</Unit>
		<Unit filename="bp_vision_lib/stereo.cpp">
			<Option compile="0" />
			<Option link="0" />
		</Unit>
		<Unit filename="crfpp/crfpp_main.cpp" />
		<Unit filename="cuda_cut/cuda_cut_main.cpp" />
		<Unit filename="hcrf/hcrf_main.cpp" />
		<Unit filename="hmm/hmm_forward_backward.cpp" />
		<Unit filename="hmm/hmm_learning.cpp" />
		<Unit filename="hmm/hmm_main.cpp" />
		<Unit filename="hmm/hmm_sample.cpp" />
		<Unit filename="hmm/hmm_viterbi.cpp" />
		<Unit filename="hmm/viterbi.cpp" />
		<Unit filename="hmm/viterbi.hpp" />
		<Unit filename="hmm/viterbi_algorithm.cpp" />
		<Unit filename="main.cpp" />
		<Unit filename="middlebury/middlebury_main.cpp" />
		<Unit filename="middlebury_lib/BP-S.cpp" />
		<Unit filename="middlebury_lib/BP-S.h" />
		<Unit filename="middlebury_lib/GCoptimization.cpp" />
		<Unit filename="middlebury_lib/GCoptimization.h" />
		<Unit filename="middlebury_lib/ICM.cpp" />
		<Unit filename="middlebury_lib/ICM.h" />
		<Unit filename="middlebury_lib/LinkedBlockList.cpp" />
		<Unit filename="middlebury_lib/LinkedBlockList.h" />
		<Unit filename="middlebury_lib/MaxProdBP.cpp" />
		<Unit filename="middlebury_lib/MaxProdBP.h" />
		<Unit filename="middlebury_lib/ReadMe.txt" />
		<Unit filename="middlebury_lib/TRW-S.cpp" />
		<Unit filename="middlebury_lib/TRW-S.h" />
		<Unit filename="middlebury_lib/block.h" />
		<Unit filename="middlebury_lib/energy.h" />
		<Unit filename="middlebury_lib/example.cpp">
			<Option compile="0" />
			<Option link="0" />
		</Unit>
		<Unit filename="middlebury_lib/graph.cpp" />
		<Unit filename="middlebury_lib/graph.h" />
		<Unit filename="middlebury_lib/maxflow.cpp" />
		<Unit filename="middlebury_lib/mrf.cpp" />
		<Unit filename="middlebury_lib/mrf.h" />
		<Unit filename="middlebury_lib/regions-maxprod.cpp" />
		<Unit filename="middlebury_lib/regions-new.h" />
		<Unit filename="middlebury_lib/typeTruncatedQuadratic2D.h" />
		<Unit filename="mocapy/mocapy_discrete_hmm.cpp" />
		<Unit filename="mocapy/mocapy_main.cpp" />
		<Unit filename="opengm/ibfs/ibfs.h" />
		<Unit filename="opengm/maxflow/block.h" />
		<Unit filename="opengm/maxflow/graph.h" />
		<Unit filename="opengm/maxflow/instances.inc" />
		<Unit filename="opengm/maxflow/maxflowlib.h" />
		<Unit filename="opengm/mrf/BP-S.h" />
		<Unit filename="opengm/mrf/GCoptimization.h" />
		<Unit filename="opengm/mrf/ICM.h" />
		<Unit filename="opengm/mrf/LinkedBlockList.h" />
		<Unit filename="opengm/mrf/MaxProdBP.h" />
		<Unit filename="opengm/mrf/TRW-S.h" />
		<Unit filename="opengm/mrf/block.h" />
		<Unit filename="opengm/mrf/energy.h" />
		<Unit filename="opengm/mrf/graph.h" />
		<Unit filename="opengm/mrf/mrf.h" />
		<Unit filename="opengm/mrf/mrflib.h" />
		<Unit filename="opengm/mrf/regions-new.h" />
		<Unit filename="opengm/mrf/typeTruncatedQuadratic2D.h" />
		<Unit filename="opengm/mrf/typeTruncatedQuadratic2D_old.h" />
		<Unit filename="opengm/opengm_bipartite_matching_example.cpp" />
		<Unit filename="opengm/opengm_gibbs_example.cpp" />
		<Unit filename="opengm/opengm_inference_algorithms.cpp" />
		<Unit filename="opengm/opengm_interpixel_boundary_segmentation_example.cpp" />
		<Unit filename="opengm/opengm_libdai_interface.cpp" />
		<Unit filename="opengm/opengm_main.cpp" />
		<Unit filename="opengm/opengm_markov_chain_example.cpp" />
		<Unit filename="opengm/opengm_mrflib_interface.cpp" />
		<Unit filename="opengm/opengm_potts_model_on_2d_grid.cpp" />
		<Unit filename="opengm/opengm_qpbo_algorithm.cpp" />
		<Unit filename="opengm/opengm_quick_start_example.cpp" />
		<Unit filename="opengm/opengm_swendsenwang_example.cpp" />
		<Unit filename="opengm/qpbo/QPBO.h" />
		<Unit filename="opengm/qpbo/block.h" />
		<Unit filename="opengm/qpbo/instances.inc" />
		<Unit filename="opengm/trws/MRFEnergy.cpp" />
		<Unit filename="opengm/trws/MRFEnergy.h" />
		<Unit filename="opengm/trws/instances.h" />
		<Unit filename="opengm/trws/instances.inc" />
		<Unit filename="opengm/trws/minimize.cpp" />
		<Unit filename="opengm/trws/ordering.cpp" />
		<Unit filename="opengm/trws/treeProbabilities.cpp" />
		<Unit filename="opengm/trws/typeBinary.h" />
		<Unit filename="opengm/trws/typeBinaryFast.h" />
		<Unit filename="opengm/trws/typeGeneral.h" />
		<Unit filename="opengm/trws/typePotts.h" />
		<Unit filename="opengm/trws/typeTruncatedLinear.h" />
		<Unit filename="opengm/trws/typeTruncatedLinear2D.h" />
		<Unit filename="opengm/trws/typeTruncatedQuadratic.h" />
		<Unit filename="opengm/trws/typeTruncatedQuadratic2D.h" />
		<Unit filename="pnl/pnl_bayesian_network.cpp" />
		<Unit filename="pnl/pnl_bayesian_network_example.cpp" />
		<Unit filename="pnl/pnl_dbn.cpp" />
		<Unit filename="pnl/pnl_dbn_example.cpp" />
		<Unit filename="pnl/pnl_hmm.cpp" />
		<Unit filename="pnl/pnl_main.cpp" />
		<Unit filename="pnl/pnl_mnet_example.cpp" />
		<Unit filename="pnl/pnl_mrf2.cpp" />
		<Unit filename="pnl/pnl_mrf_example.cpp" />
		<Unit filename="pnl/pnl_super_resolution.cpp" />
		<Unit filename="pnl/pnl_viterbi_segmentation.cpp" />
		<Unit filename="qpbo/qpbo_main.cpp" />
		<Unit filename="qpbo_lib/QPBO.cpp" />
		<Unit filename="qpbo_lib/QPBO.h" />
		<Unit filename="qpbo_lib/QPBO_extra.cpp" />
		<Unit filename="qpbo_lib/QPBO_maxflow.cpp" />
		<Unit filename="qpbo_lib/QPBO_postprocessing.cpp" />
		<Unit filename="qpbo_lib/block.h" />
		<Unit filename="qpbo_lib/instances.inc" />
		<Unit filename="trws/trws_main.cpp" />
		<Unit filename="trws_lib/MRFEnergy.cpp" />
		<Unit filename="trws_lib/MRFEnergy.h" />
		<Unit filename="trws_lib/example.cpp">
			<Option compile="0" />
			<Option link="0" />
		</Unit>
		<Unit filename="trws_lib/instances.h" />
		<Unit filename="trws_lib/instances.inc" />
		<Unit filename="trws_lib/minimize.cpp" />
		<Unit filename="trws_lib/ordering.cpp" />
		<Unit filename="trws_lib/treeProbabilities.cpp" />
		<Unit filename="trws_lib/typeBinary.h" />
		<Unit filename="trws_lib/typeBinaryFast.h" />
		<Unit filename="trws_lib/typeGeneral.h" />
		<Unit filename="trws_lib/typePotts.h" />
		<Unit filename="trws_lib/typeTruncatedLinear.h" />
		<Unit filename="trws_lib/typeTruncatedLinear2D.h" />
		<Unit filename="trws_lib/typeTruncatedQuadratic.h" />
		<Unit filename="trws_lib/typeTruncatedQuadratic2D.h" />
		<Unit filename="umdhmm_lib/umdhmm_backward.cpp" />
		<Unit filename="umdhmm_lib/umdhmm_baum.cpp" />
		<Unit filename="umdhmm_lib/umdhmm_cdhmm.h" />
		<Unit filename="umdhmm_lib/umdhmm_cdhmm_backward.cpp" />
		<Unit filename="umdhmm_lib/umdhmm_cdhmm_baum.cpp" />
		<Unit filename="umdhmm_lib/umdhmm_cdhmm_forward.cpp" />
		<Unit filename="umdhmm_lib/umdhmm_cdhmm_sequence.cpp" />
		<Unit filename="umdhmm_lib/umdhmm_cdhmm_utils.cpp" />
		<Unit filename="umdhmm_lib/umdhmm_cdhmm_viterbi.cpp" />
		<Unit filename="umdhmm_lib/umdhmm_forward.cpp" />
		<Unit filename="umdhmm_lib/umdhmm_hmm.h" />
		<Unit filename="umdhmm_lib/umdhmm_hmmrand.cpp" />
		<Unit filename="umdhmm_lib/umdhmm_hmmutils.cpp" />
		<Unit filename="umdhmm_lib/umdhmm_nrutil.cpp" />
		<Unit filename="umdhmm_lib/umdhmm_nrutil.h" />
		<Unit filename="umdhmm_lib/umdhmm_sequence.cpp" />
		<Unit filename="umdhmm_lib/umdhmm_viterbi.cpp" />
		<Extensions>
			<code_completion />
			<debugger />
		</Extensions>
	</Project>
</CodeBlocks_project_file>
